// !$*UTF8*$!
{
	archiveVersion = 1;
	classes = {
	};
	objectVersion = 90;
	objects = {

/* Begin PBXBuildFile section */
		75494AF92E203E5200E72D3D /* PARALLAX_StoreKit.storekit in Resources */ = {isa = PBXBuildFile; fileRef = 75494AF82E203E5200E72D3D /* PARALLAX_StoreKit.storekit */; };
		756C02EF2E50E8C200048CC8 /* Lottie in Frameworks */ = {isa = PBXBuildFile; productRef = 756C02EE2E50E8C200048CC8 /* Lottie */; };
		75994D272E60597E00FE86A3 /* MLXFast in Frameworks */ = {isa = PBXBuildFile; productRef = 75994D262E60597E00FE86A3 /* MLXFast */; };
		75994D2C2E60697F00FE86A3 /* MLXEmbedders in Frameworks */ = {isa = PBXBuildFile; productRef = 75994D2B2E60697F00FE86A3 /* MLXEmbedders */; };
		75994D2E2E60697F00FE86A3 /* MLXLLM in Frameworks */ = {isa = PBXBuildFile; productRef = 75994D2D2E60697F00FE86A3 /* MLXLLM */; };
		75994D302E60697F00FE86A3 /* MLXLMCommon in Frameworks */ = {isa = PBXBuildFile; productRef = 75994D2F2E60697F00FE86A3 /* MLXLMCommon */; };
		75994D322E60697F00FE86A3 /* MLXMNIST in Frameworks */ = {isa = PBXBuildFile; productRef = 75994D312E60697F00FE86A3 /* MLXMNIST */; };
		75994D342E60697F00FE86A3 /* MLXVLM in Frameworks */ = {isa = PBXBuildFile; productRef = 75994D332E60697F00FE86A3 /* MLXVLM */; };
		75994D362E60697F00FE86A3 /* StableDiffusion in Frameworks */ = {isa = PBXBuildFile; productRef = 75994D352E60697F00FE86A3 /* StableDiffusion */; };
		75994D492E6069CA00FE86A3 /* MLXFFT in Frameworks */ = {isa = PBXBuildFile; productRef = 75994D482E6069CA00FE86A3 /* MLXFFT */; };
		75994D4B2E6069CA00FE86A3 /* MLXLinalg in Frameworks */ = {isa = PBXBuildFile; productRef = 75994D4A2E6069CA00FE86A3 /* MLXLinalg */; };
		75BE95102E5F990200ED108D /* ZIPFoundation in Frameworks */ = {isa = PBXBuildFile; productRef = 75BE950F2E5F990200ED108D /* ZIPFoundation */; };
		75BE951E2E5F9CAC00ED108D /* MLX in Frameworks */ = {isa = PBXBuildFile; productRef = 75BE951D2E5F9CAC00ED108D /* MLX */; };
		75BE95202E5F9CAC00ED108D /* MLXNN in Frameworks */ = {isa = PBXBuildFile; productRef = 75BE951F2E5F9CAC00ED108D /* MLXNN */; };
		75BE95222E5F9CAC00ED108D /* MLXOptimizers in Frameworks */ = {isa = PBXBuildFile; productRef = 75BE95212E5F9CAC00ED108D /* MLXOptimizers */; };
		75BE95242E5F9CAC00ED108D /* MLXRandom in Frameworks */ = {isa = PBXBuildFile; productRef = 75BE95232E5F9CAC00ED108D /* MLXRandom */; };
		75E7238D2E1B285500C48507 /* WidgetKit.framework in Frameworks */ = {isa = PBXBuildFile; fileRef = 75E7238C2E1B285500C48507 /* WidgetKit.framework */; };
		75E7238F2E1B285500C48507 /* SwiftUI.framework in Frameworks */ = {isa = PBXBuildFile; fileRef = 75E7238E2E1B285500C48507 /* SwiftUI.framework */; };
		75E7239E2E1B285700C48507 /* PARALLAXWidgetExtension.appex in Embed Foundation Extensions */ = {isa = PBXBuildFile; fileRef = 75E7238A2E1B285500C48507 /* PARALLAXWidgetExtension.appex */; settings = {ATTRIBUTES = (RemoveHeadersOnCopy, ); }; };
/* End PBXBuildFile section */

/* Begin PBXContainerItemProxy section */
		751899E52E1335350066AFF2 /* PBXContainerItemProxy */ = {
			isa = PBXContainerItemProxy;
			containerPortal = 75B6CB232DD8B2F500359A17 /* Project object */;
			proxyType = 1;
			remoteGlobalIDString = 75B6CB2A2DD8B2F500359A17;
			remoteInfo = PARALLAX;
		};
		75E7239C2E1B285700C48507 /* PBXContainerItemProxy */ = {
			isa = PBXContainerItemProxy;
			containerPortal = 75B6CB232DD8B2F500359A17 /* Project object */;
			proxyType = 1;
			remoteGlobalIDString = 75E723892E1B285500C48507;
			remoteInfo = PARALLAXWidgetExtension;
		};
/* End PBXContainerItemProxy section */

/* Begin PBXCopyFilesBuildPhase section */
		75D7778F2DE1C76500EB29BC /* Embed Foundation Extensions */ = {
			isa = PBXCopyFilesBuildPhase;
			dstPath = "";
			dstSubfolder = PlugIns;
			files = (
				75E7239E2E1B285700C48507 /* PARALLAXWidgetExtension.appex in Embed Foundation Extensions */,
			);
			name = "Embed Foundation Extensions";
		};
/* End PBXCopyFilesBuildPhase section */

/* Begin PBXFileReference section */
		751899E12E1335340066AFF2 /* PARALLAXTests.xctest */ = {isa = PBXFileReference; explicitFileType = wrapper.cfbundle; includeInIndex = 0; path = PARALLAXTests.xctest; sourceTree = BUILT_PRODUCTS_DIR; };
		7522A7382E92C8E4007A10AC /* PARALLAX.xcodeproj */ = {isa = PBXFileReference; lastKnownFileType = "wrapper.pb-project"; path = PARALLAX.xcodeproj; sourceTree = "<group>"; };
		752F027A2E53BF300021E7EB /* PARALLAX.xcodeproj */ = {isa = PBXFileReference; lastKnownFileType = "wrapper.pb-project"; path = PARALLAX.xcodeproj; sourceTree = "<group>"; };
		753F3B572E50DC400014E249 /* PARALLAX.xcodeproj */ = {isa = PBXFileReference; lastKnownFileType = "wrapper.pb-project"; path = PARALLAX.xcodeproj; sourceTree = "<group>"; };
		75494AF82E203E5200E72D3D /* PARALLAX_StoreKit.storekit */ = {isa = PBXFileReference; lastKnownFileType = text; path = PARALLAX_StoreKit.storekit; sourceTree = "<group>"; };
		75494B052E20CB5000E72D3D /* EventKit.framework */ = {isa = PBXFileReference; lastKnownFileType = wrapper.framework; name = EventKit.framework; path = System/Library/Frameworks/EventKit.framework; sourceTree = SDKROOT; };
		75494B062E20CB5000E72D3D /* EventKitUI.framework */ = {isa = PBXFileReference; lastKnownFileType = wrapper.framework; name = EventKitUI.framework; path = System/Library/Frameworks/EventKitUI.framework; sourceTree = SDKROOT; };
		754DB3FA2E5F9E7C0038DC2B /* PARALLAX.xcodeproj */ = {isa = PBXFileReference; lastKnownFileType = "wrapper.pb-project"; path = PARALLAX.xcodeproj; sourceTree = "<group>"; };
		756C027A2E50E15C00048CC8 /* PARALLAX.xcodeproj */ = {isa = PBXFileReference; lastKnownFileType = "wrapper.pb-project"; path = PARALLAX.xcodeproj; sourceTree = "<group>"; };
		75994CC42E5FACA800FE86A3 /* PARALLAX.xcodeproj */ = {isa = PBXFileReference; lastKnownFileType = "wrapper.pb-project"; path = PARALLAX.xcodeproj; sourceTree = "<group>"; };
		75994E3B2E60B12C00FE86A3 /* PARALLAX.xcodeproj */ = {isa = PBXFileReference; lastKnownFileType = "wrapper.pb-project"; path = PARALLAX.xcodeproj; sourceTree = "<group>"; };
		75B6CB2B2DD8B2F500359A17 /* PARALLAX.app */ = {isa = PBXFileReference; explicitFileType = wrapper.application; includeInIndex = 0; path = PARALLAX.app; sourceTree = BUILT_PRODUCTS_DIR; };
		75BE94C22E5F941E00ED108D /* PARALLAX.xcodeproj */ = {isa = PBXFileReference; lastKnownFileType = "wrapper.pb-project"; path = PARALLAX.xcodeproj; sourceTree = "<group>"; };
		75CC52482E53236500E470BF /* PARALLAX.xcodeproj */ = {isa = PBXFileReference; lastKnownFileType = "wrapper.pb-project"; path = PARALLAX.xcodeproj; sourceTree = "<group>"; };
		75D73A522E61AE67007A1BAD /* PARALLAX.xcodeproj */ = {isa = PBXFileReference; lastKnownFileType = "wrapper.pb-project"; path = PARALLAX.xcodeproj; sourceTree = "<group>"; };
		75E7238A2E1B285500C48507 /* PARALLAXWidgetExtension.appex */ = {isa = PBXFileReference; explicitFileType = "wrapper.app-extension"; includeInIndex = 0; path = PARALLAXWidgetExtension.appex; sourceTree = BUILT_PRODUCTS_DIR; };
		75E7238C2E1B285500C48507 /* WidgetKit.framework */ = {isa = PBXFileReference; lastKnownFileType = wrapper.framework; name = WidgetKit.framework; path = System/Library/Frameworks/WidgetKit.framework; sourceTree = SDKROOT; };
		75E7238E2E1B285500C48507 /* SwiftUI.framework */ = {isa = PBXFileReference; lastKnownFileType = wrapper.framework; name = SwiftUI.framework; path = System/Library/Frameworks/SwiftUI.framework; sourceTree = SDKROOT; };
		75E723AC2E1C32B200C48507 /* PARALLAXWidgetExtension.entitlements */ = {isa = PBXFileReference; lastKnownFileType = text.plist.entitlements; path = PARALLAXWidgetExtension.entitlements; sourceTree = "<group>"; };
		75EF59092E8446FB00BF7FBC /* PARALLAX.xcodeproj */ = {isa = PBXFileReference; lastKnownFileType = "wrapper.pb-project"; path = PARALLAX.xcodeproj; sourceTree = "<group>"; };
/* End PBXFileReference section */

/* Begin PBXFileSystemSynchronizedBuildFileExceptionSet section */
		75884A7B2E2FBAB200A0DA6A /* Exceptions for "App" folder in "PARALLAXWidgetExtension" target */ = {
			isa = PBXFileSystemSynchronizedBuildFileExceptionSet;
			membershipExceptions = (
				Configuration/InfoPlist.xcstrings,
			);
			target = 75E723892E1B285500C48507 /* PARALLAXWidgetExtension */;
		};
		75DA83522E1EAE7F006B2E90 /* Exceptions for "App" folder in "PARALLAX" target */ = {
			isa = PBXFileSystemSynchronizedBuildFileExceptionSet;
			membershipExceptions = (
				Configuration/Info.plist,
				Info.plist,
			);
			target = 75B6CB2A2DD8B2F500359A17 /* PARALLAX */;
		};
		75E723A22E1B285700C48507 /* Exceptions for "PARALLAXWidget" folder in "PARALLAXWidgetExtension" target */ = {
			isa = PBXFileSystemSynchronizedBuildFileExceptionSet;
			membershipExceptions = (
				Info.plist,
			);
			target = 75E723892E1B285500C48507 /* PARALLAXWidgetExtension */;
		};
/* End PBXFileSystemSynchronizedBuildFileExceptionSet section */

/* Begin PBXFileSystemSynchronizedRootGroup section */
		751899E22E1335350066AFF2 /* PARALLAXTests */ = {
			isa = PBXFileSystemSynchronizedRootGroup;
			path = PARALLAXTests;
			sourceTree = "<group>";
		};
		756C02D92E50E7EB00048CC8 /* Revision */ = {
			isa = PBXFileSystemSynchronizedRootGroup;
			path = Revision;
			sourceTree = "<group>";
		};
		7576105D2E2DA98900DDFDB6 /* Domain */ = {
			isa = PBXFileSystemSynchronizedRootGroup;
			path = Domain;
			sourceTree = "<group>";
		};
		75994D572E608C5400FE86A3 /* configuration */ = {
			isa = PBXFileSystemSynchronizedRootGroup;
			path = configuration;
			sourceTree = "<group>";
		};
		759C36352E2DB221002222C3 /* Data */ = {
			isa = PBXFileSystemSynchronizedRootGroup;
			path = Data;
			sourceTree = "<group>";
		};
		759C36432E2DB40E002222C3 /* Presentation */ = {
			isa = PBXFileSystemSynchronizedRootGroup;
			path = Presentation;
			sourceTree = "<group>";
		};
		75B6CB2D2DD8B2F500359A17 /* PARALLAX */ = {
			isa = PBXFileSystemSynchronizedRootGroup;
			path = PARALLAX;
			sourceTree = "<group>";
		};
		75DA53A72E285F5500AEB4DC /* Shared */ = {
			isa = PBXFileSystemSynchronizedRootGroup;
			path = Shared;
			sourceTree = "<group>";
		};
		75DA82F12E1EA903006B2E90 /* App */ = {
			isa = PBXFileSystemSynchronizedRootGroup;
			exceptions = (
				75DA83522E1EAE7F006B2E90 /* Exceptions for "App" folder in "PARALLAX" target */,
				75884A7B2E2FBAB200A0DA6A /* Exceptions for "App" folder in "PARALLAXWidgetExtension" target */,
			);
			path = App;
			sourceTree = "<group>";
		};
		75DA82F72E1EAAD4006B2E90 /* Features */ = {
			isa = PBXFileSystemSynchronizedRootGroup;
			path = Features;
			sourceTree = "<group>";
		};
		75E723902E1B285500C48507 /* PARALLAXWidget */ = {
			isa = PBXFileSystemSynchronizedRootGroup;
			exceptions = (
				75E723A22E1B285700C48507 /* Exceptions for "PARALLAXWidget" folder in "PARALLAXWidgetExtension" target */,
			);
			path = PARALLAXWidget;
			sourceTree = "<group>";
		};
/* End PBXFileSystemSynchronizedRootGroup section */

/* Begin PBXFrameworksBuildPhase section */
		751899DE2E1335340066AFF2 /* Frameworks */ = {
			isa = PBXFrameworksBuildPhase;
			files = (
			);
		};
		75B6CB282DD8B2F500359A17 /* Frameworks */ = {
			isa = PBXFrameworksBuildPhase;
			files = (
				75994D302E60697F00FE86A3 /* MLXLMCommon in Frameworks */,
				75994D2E2E60697F00FE86A3 /* MLXLLM in Frameworks */,
				75994D342E60697F00FE86A3 /* MLXVLM in Frameworks */,
				75994D2C2E60697F00FE86A3 /* MLXEmbedders in Frameworks */,
				75BE95222E5F9CAC00ED108D /* MLXOptimizers in Frameworks */,
				75BE95242E5F9CAC00ED108D /* MLXRandom in Frameworks */,
				75BE951E2E5F9CAC00ED108D /* MLX in Frameworks */,
				75994D322E60697F00FE86A3 /* MLXMNIST in Frameworks */,
				756C02EF2E50E8C200048CC8 /* Lottie in Frameworks */,
				75994D272E60597E00FE86A3 /* MLXFast in Frameworks */,
				75994D4B2E6069CA00FE86A3 /* MLXLinalg in Frameworks */,
				75BE95202E5F9CAC00ED108D /* MLXNN in Frameworks */,
				75994D492E6069CA00FE86A3 /* MLXFFT in Frameworks */,
				75994D362E60697F00FE86A3 /* StableDiffusion in Frameworks */,
				75BE95102E5F990200ED108D /* ZIPFoundation in Frameworks */,
			);
		};
		75E723872E1B285500C48507 /* Frameworks */ = {
			isa = PBXFrameworksBuildPhase;
			files = (
				75E7238F2E1B285500C48507 /* SwiftUI.framework in Frameworks */,
				75E7238D2E1B285500C48507 /* WidgetKit.framework in Frameworks */,
			);
		};
/* End PBXFrameworksBuildPhase section */

/* Begin PBXGroup section */
		7522A73A2E92C8E4007A10AC /* Products */ = {
			isa = PBXGroup;
			children = (
			);
			name = Products;
			sourceTree = "<group>";
		};
		752F027C2E53BF300021E7EB /* Products */ = {
			isa = PBXGroup;
			children = (
			);
			name = Products;
			sourceTree = "<group>";
		};
		753F3B592E50DC400014E249 /* Products */ = {
			isa = PBXGroup;
			children = (
			);
			name = Products;
			sourceTree = "<group>";
		};
		754DB3FC2E5F9E7C0038DC2B /* Products */ = {
			isa = PBXGroup;
			children = (
			);
			name = Products;
			sourceTree = "<group>";
		};
		756C027C2E50E15C00048CC8 /* Products */ = {
			isa = PBXGroup;
			children = (
			);
			name = Products;
			sourceTree = "<group>";
		};
		75994CC62E5FACA800FE86A3 /* Products */ = {
			isa = PBXGroup;
			children = (
			);
			name = Products;
			sourceTree = "<group>";
		};
		75994E3D2E60B12C00FE86A3 /* Products */ = {
			isa = PBXGroup;
			children = (
			);
			name = Products;
			sourceTree = "<group>";
		};
		75B6CB222DD8B2F500359A17 = {
			isa = PBXGroup;
			children = (
				756C02D92E50E7EB00048CC8 /* Revision */,
				759C36432E2DB40E002222C3 /* Presentation */,
				759C36352E2DB221002222C3 /* Data */,
				7576105D2E2DA98900DDFDB6 /* Domain */,
				75494AF82E203E5200E72D3D /* PARALLAX_StoreKit.storekit */,
				75DA53A72E285F5500AEB4DC /* Shared */,
				75DA82F72E1EAAD4006B2E90 /* Features */,
				75DA82F12E1EA903006B2E90 /* App */,
				75E723AC2E1C32B200C48507 /* PARALLAXWidgetExtension.entitlements */,
				75B6CB2D2DD8B2F500359A17 /* PARALLAX */,
				751899E22E1335350066AFF2 /* PARALLAXTests */,
				75E723902E1B285500C48507 /* PARALLAXWidget */,
				75E7238B2E1B285500C48507 /* Frameworks */,
				75B6CB2C2DD8B2F500359A17 /* Products */,
				75994D572E608C5400FE86A3 /* configuration */,
			);
			sourceTree = "<group>";
		};
		75B6CB2C2DD8B2F500359A17 /* Products */ = {
			isa = PBXGroup;
			children = (
				75B6CB2B2DD8B2F500359A17 /* PARALLAX.app */,
				751899E12E1335340066AFF2 /* PARALLAXTests.xctest */,
				75E7238A2E1B285500C48507 /* PARALLAXWidgetExtension.appex */,
			);
			name = Products;
			sourceTree = "<group>";
		};
		75BE94C42E5F941E00ED108D /* Products */ = {
			isa = PBXGroup;
			children = (
			);
			name = Products;
			sourceTree = "<group>";
		};
		75CC524A2E53236500E470BF /* Products */ = {
			isa = PBXGroup;
			children = (
			);
			name = Products;
			sourceTree = "<group>";
		};
		75D73A542E61AE67007A1BAD /* Products */ = {
			isa = PBXGroup;
			children = (
			);
			name = Products;
			sourceTree = "<group>";
		};
		75E7238B2E1B285500C48507 /* Frameworks */ = {
			isa = PBXGroup;
			children = (
				75494B052E20CB5000E72D3D /* EventKit.framework */,
				75494B062E20CB5000E72D3D /* EventKitUI.framework */,
				75E7238C2E1B285500C48507 /* WidgetKit.framework */,
				75E7238E2E1B285500C48507 /* SwiftUI.framework */,
			);
			name = Frameworks;
			sourceTree = "<group>";
		};
		75EF590B2E8446FB00BF7FBC /* Products */ = {
			isa = PBXGroup;
			children = (
			);
			name = Products;
			sourceTree = "<group>";
		};
/* End PBXGroup section */

/* Begin PBXNativeTarget section */
		751899E02E1335340066AFF2 /* PARALLAXTests */ = {
			isa = PBXNativeTarget;
			buildConfigurationList = 751899E72E1335350066AFF2 /* Build configuration list for PBXNativeTarget "PARALLAXTests" */;
			buildPhases = (
				751899DD2E1335340066AFF2 /* Sources */,
				751899DE2E1335340066AFF2 /* Frameworks */,
				751899DF2E1335340066AFF2 /* Resources */,
			);
			buildRules = (
			);
			dependencies = (
				751899E62E1335350066AFF2 /* PBXTargetDependency */,
			);
			fileSystemSynchronizedGroups = (
				751899E22E1335350066AFF2 /* PARALLAXTests */,
			);
			name = PARALLAXTests;
			productName = PARALLAXTests;
			productReference = 751899E12E1335340066AFF2 /* PARALLAXTests.xctest */;
			productType = "com.apple.product-type.bundle.unit-test";
		};
		75B6CB2A2DD8B2F500359A17 /* PARALLAX */ = {
			isa = PBXNativeTarget;
			buildConfigurationList = 75B6CB3B2DD8B2F600359A17 /* Build configuration list for PBXNativeTarget "PARALLAX" */;
			buildPhases = (
				75B6CB272DD8B2F500359A17 /* Sources */,
				75B6CB282DD8B2F500359A17 /* Frameworks */,
				75B6CB292DD8B2F500359A17 /* Resources */,
				75D7778F2DE1C76500EB29BC /* Embed Foundation Extensions */,
			);
			buildRules = (
			);
			dependencies = (
				75E7239D2E1B285700C48507 /* PBXTargetDependency */,
			);
			fileSystemSynchronizedGroups = (
				756C02D92E50E7EB00048CC8 /* Revision */,
				7576105D2E2DA98900DDFDB6 /* Domain */,
				75994D572E608C5400FE86A3 /* configuration */,
				759C36352E2DB221002222C3 /* Data */,
				759C36432E2DB40E002222C3 /* Presentation */,
				75B6CB2D2DD8B2F500359A17 /* PARALLAX */,
				75DA53A72E285F5500AEB4DC /* Shared */,
				75DA82F12E1EA903006B2E90 /* App */,
				75DA82F72E1EAAD4006B2E90 /* Features */,
			);
			name = PARALLAX;
			packageProductDependencies = (
				756C02EE2E50E8C200048CC8 /* Lottie */,
				75BE950F2E5F990200ED108D /* ZIPFoundation */,
				75BE951D2E5F9CAC00ED108D /* MLX */,
				75BE951F2E5F9CAC00ED108D /* MLXNN */,
				75BE95212E5F9CAC00ED108D /* MLXOptimizers */,
				75BE95232E5F9CAC00ED108D /* MLXRandom */,
				75994D262E60597E00FE86A3 /* MLXFast */,
				75994D2B2E60697F00FE86A3 /* MLXEmbedders */,
				75994D2D2E60697F00FE86A3 /* MLXLLM */,
				75994D2F2E60697F00FE86A3 /* MLXLMCommon */,
				75994D312E60697F00FE86A3 /* MLXMNIST */,
				75994D332E60697F00FE86A3 /* MLXVLM */,
				75994D352E60697F00FE86A3 /* StableDiffusion */,
				75994D482E6069CA00FE86A3 /* MLXFFT */,
				75994D4A2E6069CA00FE86A3 /* MLXLinalg */,
			);
			productName = PARALLAX;
			productReference = 75B6CB2B2DD8B2F500359A17 /* PARALLAX.app */;
			productType = "com.apple.product-type.application";
		};
		75E723892E1B285500C48507 /* PARALLAXWidgetExtension */ = {
			isa = PBXNativeTarget;
			buildConfigurationList = 75E7239F2E1B285700C48507 /* Build configuration list for PBXNativeTarget "PARALLAXWidgetExtension" */;
			buildPhases = (
				75E723862E1B285500C48507 /* Sources */,
				75E723872E1B285500C48507 /* Frameworks */,
				75E723882E1B285500C48507 /* Resources */,
			);
			buildRules = (
			);
			fileSystemSynchronizedGroups = (
				75E723902E1B285500C48507 /* PARALLAXWidget */,
			);
			name = PARALLAXWidgetExtension;
			productName = PARALLAXWidgetExtension;
			productReference = 75E7238A2E1B285500C48507 /* PARALLAXWidgetExtension.appex */;
			productType = "com.apple.product-type.app-extension";
		};
/* End PBXNativeTarget section */

/* Begin PBXProject section */
		75B6CB232DD8B2F500359A17 /* Project object */ = {
			isa = PBXProject;
			attributes = {
				BuildIndependentTargetsInParallel = 1;
				LastSwiftUpdateCheck = 1640;
				LastUpgradeCheck = 2600;
				TargetAttributes = {
					751899E02E1335340066AFF2 = {
						CreatedOnToolsVersion = 16.4;
						LastSwiftMigration = 1640;
						TestTargetID = 75B6CB2A2DD8B2F500359A17;
					};
					75B6CB2A2DD8B2F500359A17 = {
						CreatedOnToolsVersion = 16.3;
					};
					75E723892E1B285500C48507 = {
						CreatedOnToolsVersion = 16.4;
					};
				};
			};
			buildConfigurationList = 75B6CB262DD8B2F500359A17 /* Build configuration list for PBXProject "PARALLAX" */;
			developmentRegion = fr;
			hasScannedForEncodings = 0;
			knownRegions = (
				en,
				fr,
				de,
				es,
				Base,
			);
			mainGroup = 75B6CB222DD8B2F500359A17;
			minimizedProjectReferenceProxies = 1;
			packageReferences = (
				756C02ED2E50E8C200048CC8 /* XCRemoteSwiftPackageReference "lottie-spm" */,
				75BE950E2E5F990200ED108D /* XCRemoteSwiftPackageReference "ZIPFoundation" */,
				75BE951C2E5F9CAC00ED108D /* XCRemoteSwiftPackageReference "mlx-swift" */,
				75994D2A2E60697F00FE86A3 /* XCRemoteSwiftPackageReference "mlx-swift-examples" */,
			);
			preferredProjectObjectVersion = 90;
			productRefGroup = 75B6CB2C2DD8B2F500359A17 /* Products */;
			projectDirPath = "";
			projectReferences = (
				{
					ProductGroup = 753F3B592E50DC400014E249 /* Products */;
					ProjectRef = 753F3B572E50DC400014E249 /* PARALLAX.xcodeproj */;
				},
				{
					ProductGroup = 756C027C2E50E15C00048CC8 /* Products */;
					ProjectRef = 756C027A2E50E15C00048CC8 /* PARALLAX.xcodeproj */;
				},
				{
					ProductGroup = 75EF590B2E8446FB00BF7FBC /* Products */;
					ProjectRef = 75EF59092E8446FB00BF7FBC /* PARALLAX.xcodeproj */;
				},
				{
					ProductGroup = 7522A73A2E92C8E4007A10AC /* Products */;
					ProjectRef = 7522A7382E92C8E4007A10AC /* PARALLAX.xcodeproj */;
				},
				{
					ProductGroup = 75CC524A2E53236500E470BF /* Products */;
					ProjectRef = 75CC52482E53236500E470BF /* PARALLAX.xcodeproj */;
				},
				{
					ProductGroup = 754DB3FC2E5F9E7C0038DC2B /* Products */;
					ProjectRef = 754DB3FA2E5F9E7C0038DC2B /* PARALLAX.xcodeproj */;
				},
				{
					ProductGroup = 75D73A542E61AE67007A1BAD /* Products */;
					ProjectRef = 75D73A522E61AE67007A1BAD /* PARALLAX.xcodeproj */;
				},
				{
					ProductGroup = 75994E3D2E60B12C00FE86A3 /* Products */;
					ProjectRef = 75994E3B2E60B12C00FE86A3 /* PARALLAX.xcodeproj */;
				},
				{
					ProductGroup = 752F027C2E53BF300021E7EB /* Products */;
					ProjectRef = 752F027A2E53BF300021E7EB /* PARALLAX.xcodeproj */;
				},
				{
					ProductGroup = 75BE94C42E5F941E00ED108D /* Products */;
					ProjectRef = 75BE94C22E5F941E00ED108D /* PARALLAX.xcodeproj */;
				},
				{
					ProductGroup = 75994CC62E5FACA800FE86A3 /* Products */;
					ProjectRef = 75994CC42E5FACA800FE86A3 /* PARALLAX.xcodeproj */;
				},
			);
			projectRoot = "";
			targets = (
				75B6CB2A2DD8B2F500359A17 /* PARALLAX */,
				751899E02E1335340066AFF2 /* PARALLAXTests */,
				75E723892E1B285500C48507 /* PARALLAXWidgetExtension */,
			);
		};
/* End PBXProject section */

/* Begin PBXResourcesBuildPhase section */
		751899DF2E1335340066AFF2 /* Resources */ = {
			isa = PBXResourcesBuildPhase;
			files = (
			);
		};
		75B6CB292DD8B2F500359A17 /* Resources */ = {
			isa = PBXResourcesBuildPhase;
			files = (
				75494AF92E203E5200E72D3D /* PARALLAX_StoreKit.storekit in Resources */,
			);
		};
		75E723882E1B285500C48507 /* Resources */ = {
			isa = PBXResourcesBuildPhase;
			files = (
			);
		};
/* End PBXResourcesBuildPhase section */

/* Begin PBXSourcesBuildPhase section */
		751899DD2E1335340066AFF2 /* Sources */ = {
			isa = PBXSourcesBuildPhase;
			files = (
			);
		};
		75B6CB272DD8B2F500359A17 /* Sources */ = {
			isa = PBXSourcesBuildPhase;
			files = (
			);
		};
		75E723862E1B285500C48507 /* Sources */ = {
			isa = PBXSourcesBuildPhase;
			files = (
			);
		};
/* End PBXSourcesBuildPhase section */

/* Begin PBXTargetDependency section */
		751899E62E1335350066AFF2 /* PBXTargetDependency */ = {
			isa = PBXTargetDependency;
			target = 75B6CB2A2DD8B2F500359A17 /* PARALLAX */;
			targetProxy = 751899E52E1335350066AFF2 /* PBXContainerItemProxy */;
		};
		75E7239D2E1B285700C48507 /* PBXTargetDependency */ = {
			isa = PBXTargetDependency;
			target = 75E723892E1B285500C48507 /* PARALLAXWidgetExtension */;
			targetProxy = 75E7239C2E1B285700C48507 /* PBXContainerItemProxy */;
		};
/* End PBXTargetDependency section */

/* Begin XCBuildConfiguration section */
		751899E82E1335350066AFF2 /* Debug configuration for PBXNativeTarget "PARALLAXTests" */ = {
			isa = XCBuildConfiguration;
			buildSettings = {
				BUNDLE_LOADER = "$(TEST_HOST)";
				CLANG_ENABLE_MODULES = YES;
				CODE_SIGN_STYLE = Automatic;
				CURRENT_PROJECT_VERSION = 1;
				DEVELOPMENT_TEAM = S94PF99FLH;
				GENERATE_INFOPLIST_FILE = YES;
				INFOPLIST_FILE = App/Configuration/Info.plist;
				IPHONEOS_DEPLOYMENT_TARGET = 17.5;
				MARKETING_VERSION = 1.0;
				PRODUCT_BUNDLE_IDENTIFIER = Parallax.PARALLAXTests;
				PRODUCT_NAME = "$(TARGET_NAME)";
				SWIFT_ACTIVE_COMPILATION_CONDITIONS = DEBUG_TESTING;
				SWIFT_EMIT_LOC_STRINGS = NO;
				SWIFT_OPTIMIZATION_LEVEL = "-Onone";
				SWIFT_VERSION = 5.0;
				TARGETED_DEVICE_FAMILY = "1,2";
				TEST_HOST = "$(BUILT_PRODUCTS_DIR)/PARALLAX.app/$(BUNDLE_EXECUTABLE_FOLDER_PATH)/PARALLAX";
			};
			name = Debug;
		};
		751899E92E1335350066AFF2 /* Release configuration for PBXNativeTarget "PARALLAXTests" */ = {
			isa = XCBuildConfiguration;
			buildSettings = {
				BUNDLE_LOADER = "$(TEST_HOST)";
				CLANG_ENABLE_MODULES = YES;
				CODE_SIGN_STYLE = Automatic;
				CURRENT_PROJECT_VERSION = 1;
				DEVELOPMENT_TEAM = S94PF99FLH;
				GENERATE_INFOPLIST_FILE = YES;
				INFOPLIST_FILE = App/Configuration/Info.plist;
				IPHONEOS_DEPLOYMENT_TARGET = 17.5;
				MARKETING_VERSION = 1.0;
				PRODUCT_BUNDLE_IDENTIFIER = Parallax.PARALLAXTests;
				PRODUCT_NAME = "$(TARGET_NAME)";
				SWIFT_EMIT_LOC_STRINGS = NO;
				SWIFT_VERSION = 5.0;
				TARGETED_DEVICE_FAMILY = "1,2";
				TEST_HOST = "$(BUILT_PRODUCTS_DIR)/PARALLAX.app/$(BUNDLE_EXECUTABLE_FOLDER_PATH)/PARALLAX";
			};
			name = Release;
		};
		75B6CB392DD8B2F600359A17 /* Debug configuration for PBXProject "PARALLAX" */ = {
			isa = XCBuildConfiguration;
			buildSettings = {
				ALWAYS_SEARCH_USER_PATHS = NO;
				ASSETCATALOG_COMPILER_GENERATE_SWIFT_ASSET_SYMBOL_EXTENSIONS = YES;
				CLANG_ANALYZER_LOCALIZABILITY_NONLOCALIZED = YES;
				CLANG_ANALYZER_NONNULL = YES;
				CLANG_ANALYZER_NUMBER_OBJECT_CONVERSION = YES_AGGRESSIVE;
				CLANG_CXX_LANGUAGE_STANDARD = "gnu++20";
				CLANG_ENABLE_MODULES = YES;
				CLANG_ENABLE_OBJC_ARC = YES;
				CLANG_ENABLE_OBJC_WEAK = YES;
				CLANG_WARN_BLOCK_CAPTURE_AUTORELEASING = YES;
				CLANG_WARN_BOOL_CONVERSION = YES;
				CLANG_WARN_COMMA = YES;
				CLANG_WARN_CONSTANT_CONVERSION = YES;
				CLANG_WARN_DEPRECATED_OBJC_IMPLEMENTATIONS = YES;
				CLANG_WARN_DIRECT_OBJC_ISA_USAGE = YES_ERROR;
				CLANG_WARN_DOCUMENTATION_COMMENTS = YES;
				CLANG_WARN_EMPTY_BODY = YES;
				CLANG_WARN_ENUM_CONVERSION = YES;
				CLANG_WARN_INFINITE_RECURSION = YES;
				CLANG_WARN_INT_CONVERSION = YES;
				CLANG_WARN_NON_LITERAL_NULL_CONVERSION = YES;
				CLANG_WARN_OBJC_IMPLICIT_RETAIN_SELF = YES;
				CLANG_WARN_OBJC_LITERAL_CONVERSION = YES;
				CLANG_WARN_OBJC_ROOT_CLASS = YES_ERROR;
				CLANG_WARN_QUOTED_INCLUDE_IN_FRAMEWORK_HEADER = YES;
				CLANG_WARN_RANGE_LOOP_ANALYSIS = YES;
				CLANG_WARN_STRICT_PROTOTYPES = YES;
				CLANG_WARN_SUSPICIOUS_MOVE = YES;
				CLANG_WARN_UNGUARDED_AVAILABILITY = YES_AGGRESSIVE;
				CLANG_WARN_UNREACHABLE_CODE = YES;
				CLANG_WARN__DUPLICATE_METHOD_MATCH = YES;
				COPY_PHASE_STRIP = NO;
				DEBUG_INFORMATION_FORMAT = dwarf;
				DEVELOPMENT_TEAM = Q64RY7QU9S;
				ENABLE_STRICT_OBJC_MSGSEND = YES;
				ENABLE_TESTABILITY = YES;
				ENABLE_USER_SCRIPT_SANDBOXING = YES;
				GCC_C_LANGUAGE_STANDARD = gnu17;
				GCC_DYNAMIC_NO_PIC = NO;
				GCC_NO_COMMON_BLOCKS = YES;
				GCC_OPTIMIZATION_LEVEL = 0;
				GCC_PREPROCESSOR_DEFINITIONS = (
					"DEBUG=1",
					"$(inherited)",
				);
				GCC_WARN_64_TO_32_BIT_CONVERSION = YES;
				GCC_WARN_ABOUT_RETURN_TYPE = YES_ERROR;
				GCC_WARN_UNDECLARED_SELECTOR = YES;
				GCC_WARN_UNINITIALIZED_AUTOS = YES_AGGRESSIVE;
				GCC_WARN_UNUSED_FUNCTION = YES;
				GCC_WARN_UNUSED_VARIABLE = YES;
				INFOPLIST_FILE = App/Info.plist;
				IPHONEOS_DEPLOYMENT_TARGET = 18.4;
				LOCALIZATION_PREFERS_STRING_CATALOGS = YES;
				MTL_ENABLE_DEBUG_INFO = INCLUDE_SOURCE;
				MTL_FAST_MATH = YES;
				ONLY_ACTIVE_ARCH = YES;
				SDKROOT = iphoneos;
				STRING_CATALOG_GENERATE_SYMBOLS = YES;
				SWIFT_ACTIVE_COMPILATION_CONDITIONS = "DEBUG $(inherited)";
				SWIFT_EMIT_LOC_STRINGS = YES;
				SWIFT_OPTIMIZATION_LEVEL = "-Onone";
			};
			name = Debug;
		};
		75B6CB3A2DD8B2F600359A17 /* Release configuration for PBXProject "PARALLAX" */ = {
			isa = XCBuildConfiguration;
			buildSettings = {
				ALWAYS_SEARCH_USER_PATHS = NO;
				ASSETCATALOG_COMPILER_GENERATE_SWIFT_ASSET_SYMBOL_EXTENSIONS = YES;
				CLANG_ANALYZER_LOCALIZABILITY_NONLOCALIZED = YES;
				CLANG_ANALYZER_NONNULL = YES;
				CLANG_ANALYZER_NUMBER_OBJECT_CONVERSION = YES_AGGRESSIVE;
				CLANG_CXX_LANGUAGE_STANDARD = "gnu++20";
				CLANG_ENABLE_MODULES = YES;
				CLANG_ENABLE_OBJC_ARC = YES;
				CLANG_ENABLE_OBJC_WEAK = YES;
				CLANG_WARN_BLOCK_CAPTURE_AUTORELEASING = YES;
				CLANG_WARN_BOOL_CONVERSION = YES;
				CLANG_WARN_COMMA = YES;
				CLANG_WARN_CONSTANT_CONVERSION = YES;
				CLANG_WARN_DEPRECATED_OBJC_IMPLEMENTATIONS = YES;
				CLANG_WARN_DIRECT_OBJC_ISA_USAGE = YES_ERROR;
				CLANG_WARN_DOCUMENTATION_COMMENTS = YES;
				CLANG_WARN_EMPTY_BODY = YES;
				CLANG_WARN_ENUM_CONVERSION = YES;
				CLANG_WARN_INFINITE_RECURSION = YES;
				CLANG_WARN_INT_CONVERSION = YES;
				CLANG_WARN_NON_LITERAL_NULL_CONVERSION = YES;
				CLANG_WARN_OBJC_IMPLICIT_RETAIN_SELF = YES;
				CLANG_WARN_OBJC_LITERAL_CONVERSION = YES;
				CLANG_WARN_OBJC_ROOT_CLASS = YES_ERROR;
				CLANG_WARN_QUOTED_INCLUDE_IN_FRAMEWORK_HEADER = YES;
				CLANG_WARN_RANGE_LOOP_ANALYSIS = YES;
				CLANG_WARN_STRICT_PROTOTYPES = YES;
				CLANG_WARN_SUSPICIOUS_MOVE = YES;
				CLANG_WARN_UNGUARDED_AVAILABILITY = YES_AGGRESSIVE;
				CLANG_WARN_UNREACHABLE_CODE = YES;
				CLANG_WARN__DUPLICATE_METHOD_MATCH = YES;
				COPY_PHASE_STRIP = NO;
				DEBUG_INFORMATION_FORMAT = "dwarf-with-dsym";
				DEVELOPMENT_TEAM = Q64RY7QU9S;
				ENABLE_NS_ASSERTIONS = NO;
				ENABLE_STRICT_OBJC_MSGSEND = YES;
				ENABLE_USER_SCRIPT_SANDBOXING = YES;
				GCC_C_LANGUAGE_STANDARD = gnu17;
				GCC_NO_COMMON_BLOCKS = YES;
				GCC_WARN_64_TO_32_BIT_CONVERSION = YES;
				GCC_WARN_ABOUT_RETURN_TYPE = YES_ERROR;
				GCC_WARN_UNDECLARED_SELECTOR = YES;
				GCC_WARN_UNINITIALIZED_AUTOS = YES_AGGRESSIVE;
				GCC_WARN_UNUSED_FUNCTION = YES;
				GCC_WARN_UNUSED_VARIABLE = YES;
				INFOPLIST_FILE = App/Info.plist;
				IPHONEOS_DEPLOYMENT_TARGET = 18.4;
				LOCALIZATION_PREFERS_STRING_CATALOGS = YES;
				MTL_ENABLE_DEBUG_INFO = NO;
				MTL_FAST_MATH = YES;
				SDKROOT = iphoneos;
				STRING_CATALOG_GENERATE_SYMBOLS = YES;
				SWIFT_COMPILATION_MODE = wholemodule;
				SWIFT_EMIT_LOC_STRINGS = YES;
				VALIDATE_PRODUCT = YES;
			};
			name = Release;
		};
		75B6CB3C2DD8B2F600359A17 /* Debug configuration for PBXNativeTarget "PARALLAX" */ = {
			isa = XCBuildConfiguration;
			buildSettings = {
				ASSETCATALOG_COMPILER_ALTERNATE_APPICON_NAMES = "\"ASSETCATALOG_COMPILER_INCLUDE_ALL_APPICON_ASSETS = YES\"";
				ASSETCATALOG_COMPILER_APPICON_NAME = AppIcon;
				ASSETCATALOG_COMPILER_GLOBAL_ACCENT_COLOR_NAME = AccentColor;
				ASSETCATALOG_COMPILER_INCLUDE_ALL_APPICON_ASSETS = YES;
				CLANG_CXX_LANGUAGE_STANDARD = "c++17";
				CODE_SIGN_ENTITLEMENTS = App/Configuration/PARALLAX.entitlements;
				CODE_SIGN_IDENTITY = "Apple Development";
				CODE_SIGN_STYLE = Automatic;
				CURRENT_PROJECT_VERSION = 1;
				DEVELOPMENT_TEAM = S94PF99FLH;
				ENABLE_PREVIEWS = YES;
				GENERATE_INFOPLIST_FILE = NO;
				INFOPLIST_FILE = App/Configuration/Info.plist;
				INFOPLIST_KEY_CFBundleDisplayName = Gradefy;
				INFOPLIST_KEY_LSApplicationCategoryType = "public.app-category.education";
				INFOPLIST_KEY_UIApplicationSceneManifest_Generation = YES;
				INFOPLIST_KEY_UIApplicationSupportsIndirectInputEvents = YES;
				INFOPLIST_KEY_UILaunchScreen_Generation = YES;
				INFOPLIST_KEY_UISupportedInterfaceOrientations = UIInterfaceOrientationPortrait;
				INFOPLIST_KEY_UISupportedInterfaceOrientations_iPad = "UIInterfaceOrientationLandscapeLeft UIInterfaceOrientationLandscapeRight UIInterfaceOrientationPortrait UIInterfaceOrientationPortraitUpsideDown";
				IPHONEOS_DEPLOYMENT_TARGET = 17.5;
				LD_RUNPATH_SEARCH_PATHS = (
					"$(inherited)",
					"@executable_path/Frameworks",
				);
				MARKETING_VERSION = 1.0;
				PRODUCT_BUNDLE_IDENTIFIER = Coefficient.Gradefy;
				PRODUCT_NAME = "$(TARGET_NAME)";
				PROVISIONING_PROFILE_SPECIFIER = "";
				SUPPORTED_PLATFORMS = "iphoneos iphonesimulator";
				SUPPORTS_MACCATALYST = NO;
				SUPPORTS_MAC_DESIGNED_FOR_IPHONE_IPAD = NO;
				SUPPORTS_XR_DESIGNED_FOR_IPHONE_IPAD = NO;
				SWIFT_EMIT_LOC_STRINGS = YES;
				SWIFT_VERSION = 5.0;
				TARGETED_DEVICE_FAMILY = 1;
			};
			name = Debug;
		};
		75B6CB3D2DD8B2F600359A17 /* Release configuration for PBXNativeTarget "PARALLAX" */ = {
			isa = XCBuildConfiguration;
			buildSettings = {
				ASSETCATALOG_COMPILER_ALTERNATE_APPICON_NAMES = "\"ASSETCATALOG_COMPILER_INCLUDE_ALL_APPICON_ASSETS = YES\"";
				ASSETCATALOG_COMPILER_APPICON_NAME = AppIcon;
				ASSETCATALOG_COMPILER_GLOBAL_ACCENT_COLOR_NAME = AccentColor;
				ASSETCATALOG_COMPILER_INCLUDE_ALL_APPICON_ASSETS = YES;
				CLANG_CXX_LANGUAGE_STANDARD = "c++17";
				CODE_SIGN_ENTITLEMENTS = App/Configuration/PARALLAX.entitlements;
				CODE_SIGN_IDENTITY = "Apple Development";
				CODE_SIGN_STYLE = Automatic;
				CURRENT_PROJECT_VERSION = 1;
				DEVELOPMENT_TEAM = S94PF99FLH;
				ENABLE_PREVIEWS = YES;
				GENERATE_INFOPLIST_FILE = NO;
				INFOPLIST_FILE = App/Configuration/Info.plist;
				INFOPLIST_KEY_CFBundleDisplayName = Gradefy;
				INFOPLIST_KEY_LSApplicationCategoryType = "public.app-category.education";
				INFOPLIST_KEY_UIApplicationSceneManifest_Generation = YES;
				INFOPLIST_KEY_UIApplicationSupportsIndirectInputEvents = YES;
				INFOPLIST_KEY_UILaunchScreen_Generation = YES;
				INFOPLIST_KEY_UISupportedInterfaceOrientations = UIInterfaceOrientationPortrait;
				INFOPLIST_KEY_UISupportedInterfaceOrientations_iPad = "UIInterfaceOrientationLandscapeLeft UIInterfaceOrientationLandscapeRight UIInterfaceOrientationPortrait UIInterfaceOrientationPortraitUpsideDown";
				IPHONEOS_DEPLOYMENT_TARGET = 17.5;
				LD_RUNPATH_SEARCH_PATHS = (
					"$(inherited)",
					"@executable_path/Frameworks",
				);
				MARKETING_VERSION = 1.0;
				PRODUCT_BUNDLE_IDENTIFIER = Coefficient.Gradefy;
				PRODUCT_NAME = "$(TARGET_NAME)";
				PROVISIONING_PROFILE_SPECIFIER = "";
				SUPPORTED_PLATFORMS = "iphoneos iphonesimulator";
				SUPPORTS_MACCATALYST = NO;
				SUPPORTS_MAC_DESIGNED_FOR_IPHONE_IPAD = NO;
				SUPPORTS_XR_DESIGNED_FOR_IPHONE_IPAD = NO;
				SWIFT_EMIT_LOC_STRINGS = YES;
				SWIFT_VERSION = 5.0;
				TARGETED_DEVICE_FAMILY = 1;
			};
			name = Release;
		};
		75E723A02E1B285700C48507 /* Debug configuration for PBXNativeTarget "PARALLAXWidgetExtension" */ = {
			isa = XCBuildConfiguration;
			buildSettings = {
				ASSETCATALOG_COMPILER_GLOBAL_ACCENT_COLOR_NAME = AccentColor;
				ASSETCATALOG_COMPILER_WIDGET_BACKGROUND_COLOR_NAME = WidgetBackground;
				CODE_SIGN_ENTITLEMENTS = PARALLAXWidgetExtension.entitlements;
				CODE_SIGN_IDENTITY = "Apple Development";
				CODE_SIGN_STYLE = Automatic;
				CURRENT_PROJECT_VERSION = 1;
				DEVELOPMENT_TEAM = S94PF99FLH;
				GENERATE_INFOPLIST_FILE = YES;
				INFOPLIST_FILE = PARALLAXWidget/Info.plist;
				INFOPLIST_KEY_CFBundleDisplayName = PARALLAXWidget;
				INFOPLIST_KEY_NSHumanReadableCopyright = "";
				IPHONEOS_DEPLOYMENT_TARGET = 17.5;
				LD_RUNPATH_SEARCH_PATHS = (
					"$(inherited)",
					"@executable_path/Frameworks",
					"@executable_path/../../Frameworks",
				);
				MARKETING_VERSION = 1.0;
				PRODUCT_BUNDLE_IDENTIFIER = Coefficient.Gradefy.PARALLAXWidget;
				PRODUCT_NAME = "$(TARGET_NAME)";
				SKIP_INSTALL = YES;
				SWIFT_EMIT_LOC_STRINGS = YES;
				SWIFT_VERSION = 5.0;
				TARGETED_DEVICE_FAMILY = 1;
			};
			name = Debug;
		};
		75E723A12E1B285700C48507 /* Release configuration for PBXNativeTarget "PARALLAXWidgetExtension" */ = {
			isa = XCBuildConfiguration;
			buildSettings = {
				ASSETCATALOG_COMPILER_GLOBAL_ACCENT_COLOR_NAME = AccentColor;
				ASSETCATALOG_COMPILER_WIDGET_BACKGROUND_COLOR_NAME = WidgetBackground;
				CODE_SIGN_ENTITLEMENTS = PARALLAXWidgetExtension.entitlements;
				CODE_SIGN_IDENTITY = "Apple Development";
				CODE_SIGN_STYLE = Automatic;
				CURRENT_PROJECT_VERSION = 1;
				DEVELOPMENT_TEAM = S94PF99FLH;
				GENERATE_INFOPLIST_FILE = YES;
				INFOPLIST_FILE = PARALLAXWidget/Info.plist;
				INFOPLIST_KEY_CFBundleDisplayName = PARALLAXWidget;
				INFOPLIST_KEY_NSHumanReadableCopyright = "";
				IPHONEOS_DEPLOYMENT_TARGET = 17.5;
				LD_RUNPATH_SEARCH_PATHS = (
					"$(inherited)",
					"@executable_path/Frameworks",
					"@executable_path/../../Frameworks",
				);
				MARKETING_VERSION = 1.0;
				PRODUCT_BUNDLE_IDENTIFIER = Coefficient.Gradefy.PARALLAXWidget;
				PRODUCT_NAME = "$(TARGET_NAME)";
				SKIP_INSTALL = YES;
				SWIFT_EMIT_LOC_STRINGS = YES;
				SWIFT_VERSION = 5.0;
				TARGETED_DEVICE_FAMILY = 1;
			};
			name = Release;
		};
/* End XCBuildConfiguration section */

/* Begin XCConfigurationList section */
		751899E72E1335350066AFF2 /* Build configuration list for PBXNativeTarget "PARALLAXTests" */ = {
			isa = XCConfigurationList;
			buildConfigurations = (
				751899E82E1335350066AFF2 /* Debug configuration for PBXNativeTarget "PARALLAXTests" */,
				751899E92E1335350066AFF2 /* Release configuration for PBXNativeTarget "PARALLAXTests" */,
			);
			defaultConfigurationName = Release;
		};
		75B6CB262DD8B2F500359A17 /* Build configuration list for PBXProject "PARALLAX" */ = {
			isa = XCConfigurationList;
			buildConfigurations = (
				75B6CB392DD8B2F600359A17 /* Debug configuration for PBXProject "PARALLAX" */,
				75B6CB3A2DD8B2F600359A17 /* Release configuration for PBXProject "PARALLAX" */,
			);
			defaultConfigurationName = Release;
		};
		75B6CB3B2DD8B2F600359A17 /* Build configuration list for PBXNativeTarget "PARALLAX" */ = {
			isa = XCConfigurationList;
			buildConfigurations = (
				75B6CB3C2DD8B2F600359A17 /* Debug configuration for PBXNativeTarget "PARALLAX" */,
				75B6CB3D2DD8B2F600359A17 /* Release configuration for PBXNativeTarget "PARALLAX" */,
			);
			defaultConfigurationName = Release;
		};
		75E7239F2E1B285700C48507 /* Build configuration list for PBXNativeTarget "PARALLAXWidgetExtension" */ = {
			isa = XCConfigurationList;
			buildConfigurations = (
				75E723A02E1B285700C48507 /* Debug configuration for PBXNativeTarget "PARALLAXWidgetExtension" */,
				75E723A12E1B285700C48507 /* Release configuration for PBXNativeTarget "PARALLAXWidgetExtension" */,
			);
			defaultConfigurationName = Release;
		};
/* End XCConfigurationList section */

/* Begin XCRemoteSwiftPackageReference section */
		756C02ED2E50E8C200048CC8 /* XCRemoteSwiftPackageReference "lottie-spm" */ = {
			isa = XCRemoteSwiftPackageReference;
			repositoryURL = "https://github.com/airbnb/lottie-spm";
			requirement = {
				kind = upToNextMajorVersion;
				minimumVersion = 4.5.2;
			};
		};
		75994D2A2E60697F00FE86A3 /* XCRemoteSwiftPackageReference "mlx-swift-examples" */ = {
			isa = XCRemoteSwiftPackageReference;
			repositoryURL = "https://github.com/ml-explore/mlx-swift-examples";
			requirement = {
				branch = main;
				kind = branch;
			};
		};
		75BE950E2E5F990200ED108D /* XCRemoteSwiftPackageReference "ZIPFoundation" */ = {
			isa = XCRemoteSwiftPackageReference;
			repositoryURL = "https://github.com/weichsel/ZIPFoundation.git";
			requirement = {
				kind = upToNextMajorVersion;
				minimumVersion = 0.9.19;
			};
		};
		75BE951C2E5F9CAC00ED108D /* XCRemoteSwiftPackageReference "mlx-swift" */ = {
			isa = XCRemoteSwiftPackageReference;
			repositoryURL = "https://github.com/ml-explore/mlx-swift.git";
			requirement = {
				branch = main;
				kind = branch;
			};
		};
/* End XCRemoteSwiftPackageReference section */

/* Begin XCSwiftPackageProductDependency section */
		756C02EE2E50E8C200048CC8 /* Lottie */ = {
			isa = XCSwiftPackageProductDependency;
			package = 756C02ED2E50E8C200048CC8 /* XCRemoteSwiftPackageReference "lottie-spm" */;
			productName = Lottie;
		};
		75994D262E60597E00FE86A3 /* MLXFast */ = {
			isa = XCSwiftPackageProductDependency;
			package = 75BE951C2E5F9CAC00ED108D /* XCRemoteSwiftPackageReference "mlx-swift" */;
			productName = MLXFast;
		};
		75994D2B2E60697F00FE86A3 /* MLXEmbedders */ = {
			isa = XCSwiftPackageProductDependency;
			package = 75994D2A2E60697F00FE86A3 /* XCRemoteSwiftPackageReference "mlx-swift-examples" */;
			productName = MLXEmbedders;
		};
		75994D2D2E60697F00FE86A3 /* MLXLLM */ = {
			isa = XCSwiftPackageProductDependency;
			package = 75994D2A2E60697F00FE86A3 /* XCRemoteSwiftPackageReference "mlx-swift-examples" */;
			productName = MLXLLM;
		};
		75994D2F2E60697F00FE86A3 /* MLXLMCommon */ = {
			isa = XCSwiftPackageProductDependency;
			package = 75994D2A2E60697F00FE86A3 /* XCRemoteSwiftPackageReference "mlx-swift-examples" */;
			productName = MLXLMCommon;
		};
		75994D312E60697F00FE86A3 /* MLXMNIST */ = {
			isa = XCSwiftPackageProductDependency;
			package = 75994D2A2E60697F00FE86A3 /* XCRemoteSwiftPackageReference "mlx-swift-examples" */;
			productName = MLXMNIST;
		};
		75994D332E60697F00FE86A3 /* MLXVLM */ = {
			isa = XCSwiftPackageProductDependency;
			package = 75994D2A2E60697F00FE86A3 /* XCRemoteSwiftPackageReference "mlx-swift-examples" */;
			productName = MLXVLM;
		};
		75994D352E60697F00FE86A3 /* StableDiffusion */ = {
			isa = XCSwiftPackageProductDependency;
			package = 75994D2A2E60697F00FE86A3 /* XCRemoteSwiftPackageReference "mlx-swift-examples" */;
			productName = StableDiffusion;
		};
		75994D482E6069CA00FE86A3 /* MLXFFT */ = {
			isa = XCSwiftPackageProductDependency;
			package = 75BE951C2E5F9CAC00ED108D /* XCRemoteSwiftPackageReference "mlx-swift" */;
			productName = MLXFFT;
		};
		75994D4A2E6069CA00FE86A3 /* MLXLinalg */ = {
			isa = XCSwiftPackageProductDependency;
			package = 75BE951C2E5F9CAC00ED108D /* XCRemoteSwiftPackageReference "mlx-swift" */;
			productName = MLXLinalg;
		};
		75BE950F2E5F990200ED108D /* ZIPFoundation */ = {
			isa = XCSwiftPackageProductDependency;
			package = 75BE950E2E5F990200ED108D /* XCRemoteSwiftPackageReference "ZIPFoundation" */;
			productName = ZIPFoundation;
		};
		75BE951D2E5F9CAC00ED108D /* MLX */ = {
			isa = XCSwiftPackageProductDependency;
			package = 75BE951C2E5F9CAC00ED108D /* XCRemoteSwiftPackageReference "mlx-swift" */;
			productName = MLX;
		};
		75BE951F2E5F9CAC00ED108D /* MLXNN */ = {
			isa = XCSwiftPackageProductDependency;
			package = 75BE951C2E5F9CAC00ED108D /* XCRemoteSwiftPackageReference "mlx-swift" */;
			productName = MLXNN;
		};
		75BE95212E5F9CAC00ED108D /* MLXOptimizers */ = {
			isa = XCSwiftPackageProductDependency;
			package = 75BE951C2E5F9CAC00ED108D /* XCRemoteSwiftPackageReference "mlx-swift" */;
			productName = MLXOptimizers;
		};
		75BE95232E5F9CAC00ED108D /* MLXRandom */ = {
			isa = XCSwiftPackageProductDependency;
			package = 75BE951C2E5F9CAC00ED108D /* XCRemoteSwiftPackageReference "mlx-swift" */;
			productName = MLXRandom;
		};
/* End XCSwiftPackageProductDependency section */
	};
	rootObject = 75B6CB232DD8B2F500359A17 /* Project object */;
}
