// !$*UTF8*$!
{
	archiveVersion = 1;
	classes = {
	};
	objectVersion = 90;
	objects = {

/* Begin PBXBuildFile section */
		75994D392E60699B00FE86A3 /* MLXEmbedders in Frameworks */ = {isa = PBXBuildFile; productRef = 75994D382E60699B00FE86A3 /* MLXEmbedders */; };
		75994D3B2E60699B00FE86A3 /* MLXLLM in Frameworks */ = {isa = PBXBuildFile; productRef = 75994D3A2E60699B00FE86A3 /* MLXLLM */; };
		75994D3D2E60699B00FE86A3 /* MLXLMCommon in Frameworks */ = {isa = PBXBuildFile; productRef = 75994D3C2E60699B00FE86A3 /* MLXLMCommon */; };
		75994D3F2E60699B00FE86A3 /* MLXMNIST in Frameworks */ = {isa = PBXBuildFile; productRef = 75994D3E2E60699B00FE86A3 /* MLXMNIST */; };
		75994D412E60699B00FE86A3 /* MLXVLM in Frameworks */ = {isa = PBXBuildFile; productRef = 75994D402E60699B00FE86A3 /* MLXVLM */; };
		75994D432E60699B00FE86A3 /* StableDiffusion in Frameworks */ = {isa = PBXBuildFile; productRef = 75994D422E60699B00FE86A3 /* StableDiffusion */; };
		75994D452E6069B700FE86A3 /* MLXFast in Frameworks */ = {isa = PBXBuildFile; productRef = 75994D442E6069B700FE86A3 /* MLXFast */; };
		75994D472E6069B700FE86A3 /* MLXLinalg in Frameworks */ = {isa = PBXBuildFile; productRef = 75994D462E6069B700FE86A3 /* MLXLinalg */; };
		75BE94FF2E5F978E00ED108D /* ZIPFoundation in Frameworks */ = {isa = PBXBuildFile; productRef = 75BE94FE2E5F978E00ED108D /* ZIPFoundation */; };
		75BE95132E5F9C9700ED108D /* MLX in Frameworks */ = {isa = PBXBuildFile; productRef = 75BE95122E5F9C9700ED108D /* MLX */; };
		75BE95152E5F9C9700ED108D /* MLXFFT in Frameworks */ = {isa = PBXBuildFile; productRef = 75BE95142E5F9C9700ED108D /* MLXFFT */; };
		75BE95172E5F9C9700ED108D /* MLXNN in Frameworks */ = {isa = PBXBuildFile; productRef = 75BE95162E5F9C9700ED108D /* MLXNN */; };
		75BE95192E5F9C9700ED108D /* MLXOptimizers in Frameworks */ = {isa = PBXBuildFile; productRef = 75BE95182E5F9C9700ED108D /* MLXOptimizers */; };
		75BE951B2E5F9C9700ED108D /* MLXRandom in Frameworks */ = {isa = PBXBuildFile; productRef = 75BE951A2E5F9C9700ED108D /* MLXRandom */; };
		75C2E18A2E1545A900BBFCB3 /* Lottie in Frameworks */ = {isa = PBXBuildFile; productRef = 75C2E1892E1545A900BBFCB3 /* Lottie */; };
		75D777792DE1C76400EB29BC /* WidgetKit.framework in Frameworks */ = {isa = PBXBuildFile; fileRef = 75D777782DE1C76300EB29BC /* WidgetKit.framework */; };
		75D7777B2DE1C76400EB29BC /* SwiftUI.framework in Frameworks */ = {isa = PBXBuildFile; fileRef = 75D7777A2DE1C76400EB29BC /* SwiftUI.framework */; };
		75D7778A2DE1C76500EB29BC /* RevisionLiveActivityExtension.appex in Embed Foundation Extensions */ = {isa = PBXBuildFile; fileRef = 75D777762DE1C76300EB29BC /* RevisionLiveActivityExtension.appex */; settings = {ATTRIBUTES = (RemoveHeadersOnCopy, ); }; };
/* End PBXBuildFile section */

/* Begin PBXContainerItemProxy section */
		751899E52E1335350066AFF2 /* PBXContainerItemProxy */ = {
			isa = PBXContainerItemProxy;
			containerPortal = 75B6CB232DD8B2F500359A17 /* Project object */;
			proxyType = 1;
			remoteGlobalIDString = 75B6CB2A2DD8B2F500359A17;
			remoteInfo = PARALLAX;
		};
		75D777882DE1C76500EB29BC /* PBXContainerItemProxy */ = {
			isa = PBXContainerItemProxy;
			containerPortal = 75B6CB232DD8B2F500359A17 /* Project object */;
			proxyType = 1;
			remoteGlobalIDString = 75D777752DE1C76300EB29BC;
			remoteInfo = RevisionLiveActivityExtension;
		};
/* End PBXContainerItemProxy section */

/* Begin PBXCopyFilesBuildPhase section */
		75D7778F2DE1C76500EB29BC /* Embed Foundation Extensions */ = {
			isa = PBXCopyFilesBuildPhase;
			dstPath = "";
			dstSubfolder = PlugIns;
			files = (
				75D7778A2DE1C76500EB29BC /* RevisionLiveActivityExtension.appex in Embed Foundation Extensions */,
			);
			name = "Embed Foundation Extensions";
		};
/* End PBXCopyFilesBuildPhase section */

/* Begin PBXFileReference section */
		751899E12E1335340066AFF2 /* PARALLAXTests.xctest */ = {isa = PBXFileReference; explicitFileType = wrapper.cfbundle; includeInIndex = 0; path = PARALLAXTests.xctest; sourceTree = BUILT_PRODUCTS_DIR; };
		75B6CB2B2DD8B2F500359A17 /* PARALLAX.app */ = {isa = PBXFileReference; explicitFileType = wrapper.application; includeInIndex = 0; path = PARALLAX.app; sourceTree = BUILT_PRODUCTS_DIR; };
		75D777762DE1C76300EB29BC /* RevisionLiveActivityExtension.appex */ = {isa = PBXFileReference; explicitFileType = "wrapper.app-extension"; includeInIndex = 0; path = RevisionLiveActivityExtension.appex; sourceTree = BUILT_PRODUCTS_DIR; };
		75D777782DE1C76300EB29BC /* WidgetKit.framework */ = {isa = PBXFileReference; lastKnownFileType = wrapper.framework; name = WidgetKit.framework; path = System/Library/Frameworks/WidgetKit.framework; sourceTree = SDKROOT; };
		75D7777A2DE1C76400EB29BC /* SwiftUI.framework */ = {isa = PBXFileReference; lastKnownFileType = wrapper.framework; name = SwiftUI.framework; path = System/Library/Frameworks/SwiftUI.framework; sourceTree = SDKROOT; };
/* End PBXFileReference section */

/* Begin PBXFileSystemSynchronizedRootGroup section */
		751899E22E1335350066AFF2 /* PARALLAXTests */ = {
			isa = PBXFileSystemSynchronizedRootGroup;
			path = PARALLAXTests;
			sourceTree = "<group>";
		};
		753F38D42E50DB690014E249 /* Revision */ = {
			isa = PBXFileSystemSynchronizedRootGroup;
			path = Revision;
			sourceTree = "<group>";
		};
		75B6CB2D2DD8B2F500359A17 /* PARALLAX */ = {
			isa = PBXFileSystemSynchronizedRootGroup;
			path = PARALLAX;
			sourceTree = "<group>";
		};
		75C2E1722E13C35D00BBFCB3 /* CacheSystem */ = {
			isa = PBXFileSystemSynchronizedRootGroup;
			path = CacheSystem;
			sourceTree = "<group>";
		};
		75C2E1912E15507D00BBFCB3 /* Animations */ = {
			isa = PBXFileSystemSynchronizedRootGroup;
			path = Animations;
			sourceTree = "<group>";
		};
		75D7777C2DE1C76400EB29BC /* RevisionLiveActivity */ = {
			isa = PBXFileSystemSynchronizedRootGroup;
			path = RevisionLiveActivity;
			sourceTree = "<group>";
		};
/* End PBXFileSystemSynchronizedRootGroup section */

/* Begin PBXFrameworksBuildPhase section */
		751899DE2E1335340066AFF2 /* Frameworks */ = {
			isa = PBXFrameworksBuildPhase;
			files = (
			);
		};
		75B6CB282DD8B2F500359A17 /* Frameworks */ = {
			isa = PBXFrameworksBuildPhase;
			files = (
				75994D3D2E60699B00FE86A3 /* MLXLMCommon in Frameworks */,
				75994D3B2E60699B00FE86A3 /* MLXLLM in Frameworks */,
				75994D412E60699B00FE86A3 /* MLXVLM in Frameworks */,
				75994D392E60699B00FE86A3 /* MLXEmbedders in Frameworks */,
				75994D452E6069B700FE86A3 /* MLXFast in Frameworks */,
				75BE95192E5F9C9700ED108D /* MLXOptimizers in Frameworks */,
				75BE95132E5F9C9700ED108D /* MLX in Frameworks */,
				75C2E18A2E1545A900BBFCB3 /* Lottie in Frameworks */,
				75994D3F2E60699B00FE86A3 /* MLXMNIST in Frameworks */,
				75BE94FF2E5F978E00ED108D /* ZIPFoundation in Frameworks */,
				75994D472E6069B700FE86A3 /* MLXLinalg in Frameworks */,
				75BE95172E5F9C9700ED108D /* MLXNN in Frameworks */,
				75BE95152E5F9C9700ED108D /* MLXFFT in Frameworks */,
				75994D432E60699B00FE86A3 /* StableDiffusion in Frameworks */,
				75BE951B2E5F9C9700ED108D /* MLXRandom in Frameworks */,
			);
		};
		75D777732DE1C76300EB29BC /* Frameworks */ = {
			isa = PBXFrameworksBuildPhase;
			files = (
				75D7777B2DE1C76400EB29BC /* SwiftUI.framework in Frameworks */,
				75D777792DE1C76400EB29BC /* WidgetKit.framework in Frameworks */,
			);
		};
/* End PBXFrameworksBuildPhase section */

/* Begin PBXGroup section */
		75B6CB222DD8B2F500359A17 = {
			isa = PBXGroup;
			children = (
				753F38D42E50DB690014E249 /* Revision */,
				75C2E1912E15507D00BBFCB3 /* Animations */,
				75C2E1722E13C35D00BBFCB3 /* CacheSystem */,
				75D777772DE1C76300EB29BC /* Frameworks */,
				75B6CB2D2DD8B2F500359A17 /* PARALLAX */,
				751899E22E1335350066AFF2 /* PARALLAXTests */,
				75B6CB2C2DD8B2F500359A17 /* Products */,
				75D7777C2DE1C76400EB29BC /* RevisionLiveActivity */,
			);
			sourceTree = "<group>";
		};
		75B6CB2C2DD8B2F500359A17 /* Products */ = {
			isa = PBXGroup;
			children = (
				75B6CB2B2DD8B2F500359A17 /* PARALLAX.app */,
				75D777762DE1C76300EB29BC /* RevisionLiveActivityExtension.appex */,
				751899E12E1335340066AFF2 /* PARALLAXTests.xctest */,
			);
			name = Products;
			sourceTree = "<group>";
		};
		75D777772DE1C76300EB29BC /* Frameworks */ = {
			isa = PBXGroup;
			children = (
				75D777782DE1C76300EB29BC /* WidgetKit.framework */,
				75D7777A2DE1C76400EB29BC /* SwiftUI.framework */,
			);
			name = Frameworks;
			sourceTree = "<group>";
		};
/* End PBXGroup section */

/* Begin PBXNativeTarget section */
		751899E02E1335340066AFF2 /* PARALLAXTests */ = {
			isa = PBXNativeTarget;
			buildConfigurationList = 751899E72E1335350066AFF2 /* Build configuration list for PBXNativeTarget "PARALLAXTests" */;
			buildPhases = (
				751899DD2E1335340066AFF2 /* Sources */,
				751899DE2E1335340066AFF2 /* Frameworks */,
				751899DF2E1335340066AFF2 /* Resources */,
			);
			buildRules = (
			);
			dependencies = (
				751899E62E1335350066AFF2 /* PBXTargetDependency */,
			);
			fileSystemSynchronizedGroups = (
				751899E22E1335350066AFF2 /* PARALLAXTests */,
			);
			name = PARALLAXTests;
			productName = PARALLAXTests;
			productReference = 751899E12E1335340066AFF2 /* PARALLAXTests.xctest */;
			productType = "com.apple.product-type.bundle.unit-test";
		};
		75B6CB2A2DD8B2F500359A17 /* PARALLAX */ = {
			isa = PBXNativeTarget;
			buildConfigurationList = 75B6CB3B2DD8B2F600359A17 /* Build configuration list for PBXNativeTarget "PARALLAX" */;
			buildPhases = (
				75B6CB272DD8B2F500359A17 /* Sources */,
				75B6CB282DD8B2F500359A17 /* Frameworks */,
				75B6CB292DD8B2F500359A17 /* Resources */,
				75D7778F2DE1C76500EB29BC /* Embed Foundation Extensions */,
			);
			buildRules = (
			);
			dependencies = (
				75D777892DE1C76500EB29BC /* PBXTargetDependency */,
			);
			fileSystemSynchronizedGroups = (
				753F38D42E50DB690014E249 /* Revision */,
				75B6CB2D2DD8B2F500359A17 /* PARALLAX */,
				75C2E1722E13C35D00BBFCB3 /* CacheSystem */,
				75C2E1912E15507D00BBFCB3 /* Animations */,
			);
			name = PARALLAX;
			packageProductDependencies = (
				75C2E1892E1545A900BBFCB3 /* Lottie */,
				75BE94FE2E5F978E00ED108D /* ZIPFoundation */,
				75BE95122E5F9C9700ED108D /* MLX */,
				75BE95142E5F9C9700ED108D /* MLXFFT */,
				75BE95162E5F9C9700ED108D /* MLXNN */,
				75BE95182E5F9C9700ED108D /* MLXOptimizers */,
				75BE951A2E5F9C9700ED108D /* MLXRandom */,
				75994D382E60699B00FE86A3 /* MLXEmbedders */,
				75994D3A2E60699B00FE86A3 /* MLXLLM */,
				75994D3C2E60699B00FE86A3 /* MLXLMCommon */,
				75994D3E2E60699B00FE86A3 /* MLXMNIST */,
				75994D402E60699B00FE86A3 /* MLXVLM */,
				75994D422E60699B00FE86A3 /* StableDiffusion */,
				75994D442E6069B700FE86A3 /* MLXFast */,
				75994D462E6069B700FE86A3 /* MLXLinalg */,
			);
			productName = PARALLAX;
			productReference = 75B6CB2B2DD8B2F500359A17 /* PARALLAX.app */;
			productType = "com.apple.product-type.application";
		};
		75D777752DE1C76300EB29BC /* RevisionLiveActivityExtension */ = {
			isa = PBXNativeTarget;
			buildConfigurationList = 75D7778B2DE1C76500EB29BC /* Build configuration list for PBXNativeTarget "RevisionLiveActivityExtension" */;
			buildPhases = (
				75D777722DE1C76300EB29BC /* Sources */,
				75D777732DE1C76300EB29BC /* Frameworks */,
				75D777742DE1C76300EB29BC /* Resources */,
			);
			buildRules = (
			);
			fileSystemSynchronizedGroups = (
				75D7777C2DE1C76400EB29BC /* RevisionLiveActivity */,
			);
			name = RevisionLiveActivityExtension;
			productName = RevisionLiveActivityExtension;
			productReference = 75D777762DE1C76300EB29BC /* RevisionLiveActivityExtension.appex */;
			productType = "com.apple.product-type.app-extension";
		};
/* End PBXNativeTarget section */

/* Begin PBXProject section */
		75B6CB232DD8B2F500359A17 /* Project object */ = {
			isa = PBXProject;
			attributes = {
				BuildIndependentTargetsInParallel = 1;
				LastSwiftUpdateCheck = 1640;
				LastUpgradeCheck = 1640;
				TargetAttributes = {
					751899E02E1335340066AFF2 = {
						CreatedOnToolsVersion = 16.4;
						LastSwiftMigration = 1640;
						TestTargetID = 75B6CB2A2DD8B2F500359A17;
					};
					75B6CB2A2DD8B2F500359A17 = {
						CreatedOnToolsVersion = 16.3;
					};
					75D777752DE1C76300EB29BC = {
						CreatedOnToolsVersion = 16.3;
					};
				};
			};
			buildConfigurationList = 75B6CB262DD8B2F500359A17 /* Build configuration list for PBXProject "PARALLAX" */;
			developmentRegion = fr;
			hasScannedForEncodings = 0;
			knownRegions = (
				en,
				fr,
				Base,
			);
			mainGroup = 75B6CB222DD8B2F500359A17;
			minimizedProjectReferenceProxies = 1;
			packageReferences = (
				75C2E1882E1545A900BBFCB3 /* XCRemoteSwiftPackageReference "lottie-spm" */,
				75BE94FD2E5F978E00ED108D /* XCRemoteSwiftPackageReference "ZIPFoundation" */,
				75BE95112E5F9C9700ED108D /* XCRemoteSwiftPackageReference "mlx-swift" */,
				75994D372E60699B00FE86A3 /* XCRemoteSwiftPackageReference "mlx-swift-examples" */,
			);
			preferredProjectObjectVersion = 90;
			productRefGroup = 75B6CB2C2DD8B2F500359A17 /* Products */;
			projectDirPath = "";
			projectRoot = "";
			targets = (
				75B6CB2A2DD8B2F500359A17 /* PARALLAX */,
				75D777752DE1C76300EB29BC /* RevisionLiveActivityExtension */,
				751899E02E1335340066AFF2 /* PARALLAXTests */,
			);
		};
/* End PBXProject section */

/* Begin PBXResourcesBuildPhase section */
		751899DF2E1335340066AFF2 /* Resources */ = {
			isa = PBXResourcesBuildPhase;
			files = (
			);
		};
		75B6CB292DD8B2F500359A17 /* Resources */ = {
			isa = PBXResourcesBuildPhase;
			files = (
			);
		};
		75D777742DE1C76300EB29BC /* Resources */ = {
			isa = PBXResourcesBuildPhase;
			files = (
			);
		};
/* End PBXResourcesBuildPhase section */

/* Begin PBXSourcesBuildPhase section */
		751899DD2E1335340066AFF2 /* Sources */ = {
			isa = PBXSourcesBuildPhase;
			files = (
			);
		};
		75B6CB272DD8B2F500359A17 /* Sources */ = {
			isa = PBXSourcesBuildPhase;
			files = (
			);
		};
		75D777722DE1C76300EB29BC /* Sources */ = {
			isa = PBXSourcesBuildPhase;
			files = (
			);
		};
/* End PBXSourcesBuildPhase section */

/* Begin PBXTargetDependency section */
		751899E62E1335350066AFF2 /* PBXTargetDependency */ = {
			isa = PBXTargetDependency;
			target = 75B6CB2A2DD8B2F500359A17 /* PARALLAX */;
			targetProxy = 751899E52E1335350066AFF2 /* PBXContainerItemProxy */;
		};
		75D777892DE1C76500EB29BC /* PBXTargetDependency */ = {
			isa = PBXTargetDependency;
			target = 75D777752DE1C76300EB29BC /* RevisionLiveActivityExtension */;
			targetProxy = 75D777882DE1C76500EB29BC /* PBXContainerItemProxy */;
		};
/* End PBXTargetDependency section */

/* Begin XCBuildConfiguration section */
		751899E82E1335350066AFF2 /* Debug configuration for PBXNativeTarget "PARALLAXTests" */ = {
			isa = XCBuildConfiguration;
			buildSettings = {
				BUNDLE_LOADER = "$(TEST_HOST)";
				CLANG_ENABLE_MODULES = YES;
				CODE_SIGN_STYLE = Automatic;
				CURRENT_PROJECT_VERSION = 1;
				DEVELOPMENT_TEAM = S94PF99FLH;
				GENERATE_INFOPLIST_FILE = YES;
				IPHONEOS_DEPLOYMENT_TARGET = 18.5;
				MARKETING_VERSION = 1.0;
				PRODUCT_BUNDLE_IDENTIFIER = Parallax.PARALLAXTests;
				PRODUCT_NAME = "$(TARGET_NAME)";
				SWIFT_EMIT_LOC_STRINGS = NO;
				SWIFT_OPTIMIZATION_LEVEL = "-Onone";
				SWIFT_VERSION = 5.0;
				TARGETED_DEVICE_FAMILY = "1,2";
				TEST_HOST = "$(BUILT_PRODUCTS_DIR)/PARALLAX.app/$(BUNDLE_EXECUTABLE_FOLDER_PATH)/PARALLAX";
			};
			name = Debug;
		};
		751899E92E1335350066AFF2 /* Release configuration for PBXNativeTarget "PARALLAXTests" */ = {
			isa = XCBuildConfiguration;
			buildSettings = {
				BUNDLE_LOADER = "$(TEST_HOST)";
				CLANG_ENABLE_MODULES = YES;
				CODE_SIGN_STYLE = Automatic;
				CURRENT_PROJECT_VERSION = 1;
				DEVELOPMENT_TEAM = S94PF99FLH;
				GENERATE_INFOPLIST_FILE = YES;
				IPHONEOS_DEPLOYMENT_TARGET = 18.5;
				MARKETING_VERSION = 1.0;
				PRODUCT_BUNDLE_IDENTIFIER = Parallax.PARALLAXTests;
				PRODUCT_NAME = "$(TARGET_NAME)";
				SWIFT_EMIT_LOC_STRINGS = NO;
				SWIFT_VERSION = 5.0;
				TARGETED_DEVICE_FAMILY = "1,2";
				TEST_HOST = "$(BUILT_PRODUCTS_DIR)/PARALLAX.app/$(BUNDLE_EXECUTABLE_FOLDER_PATH)/PARALLAX";
			};
			name = Release;
		};
		75B6CB392DD8B2F600359A17 /* Debug configuration for PBXProject "PARALLAX" */ = {
			isa = XCBuildConfiguration;
			buildSettings = {
				ALWAYS_SEARCH_USER_PATHS = NO;
				ASSETCATALOG_COMPILER_GENERATE_SWIFT_ASSET_SYMBOL_EXTENSIONS = YES;
				CLANG_ANALYZER_LOCALIZABILITY_NONLOCALIZED = YES;
				CLANG_ANALYZER_NONNULL = YES;
				CLANG_ANALYZER_NUMBER_OBJECT_CONVERSION = YES_AGGRESSIVE;
				CLANG_CXX_LANGUAGE_STANDARD = "gnu++20";
				CLANG_ENABLE_MODULES = YES;
				CLANG_ENABLE_OBJC_ARC = YES;
				CLANG_ENABLE_OBJC_WEAK = YES;
				CLANG_WARN_BLOCK_CAPTURE_AUTORELEASING = YES;
				CLANG_WARN_BOOL_CONVERSION = YES;
				CLANG_WARN_COMMA = YES;
				CLANG_WARN_CONSTANT_CONVERSION = YES;
				CLANG_WARN_DEPRECATED_OBJC_IMPLEMENTATIONS = YES;
				CLANG_WARN_DIRECT_OBJC_ISA_USAGE = YES_ERROR;
				CLANG_WARN_DOCUMENTATION_COMMENTS = YES;
				CLANG_WARN_EMPTY_BODY = YES;
				CLANG_WARN_ENUM_CONVERSION = YES;
				CLANG_WARN_INFINITE_RECURSION = YES;
				CLANG_WARN_INT_CONVERSION = YES;
				CLANG_WARN_NON_LITERAL_NULL_CONVERSION = YES;
				CLANG_WARN_OBJC_IMPLICIT_RETAIN_SELF = YES;
				CLANG_WARN_OBJC_LITERAL_CONVERSION = YES;
				CLANG_WARN_OBJC_ROOT_CLASS = YES_ERROR;
				CLANG_WARN_QUOTED_INCLUDE_IN_FRAMEWORK_HEADER = YES;
				CLANG_WARN_RANGE_LOOP_ANALYSIS = YES;
				CLANG_WARN_STRICT_PROTOTYPES = YES;
				CLANG_WARN_SUSPICIOUS_MOVE = YES;
				CLANG_WARN_UNGUARDED_AVAILABILITY = YES_AGGRESSIVE;
				CLANG_WARN_UNREACHABLE_CODE = YES;
				CLANG_WARN__DUPLICATE_METHOD_MATCH = YES;
				COPY_PHASE_STRIP = NO;
				DEBUG_INFORMATION_FORMAT = dwarf;
				DEVELOPMENT_TEAM = Q64RY7QU9S;
				ENABLE_STRICT_OBJC_MSGSEND = YES;
				ENABLE_TESTABILITY = YES;
				ENABLE_USER_SCRIPT_SANDBOXING = YES;
				GCC_C_LANGUAGE_STANDARD = gnu17;
				GCC_DYNAMIC_NO_PIC = NO;
				GCC_NO_COMMON_BLOCKS = YES;
				GCC_OPTIMIZATION_LEVEL = 0;
				GCC_PREPROCESSOR_DEFINITIONS = (
					"DEBUG=1",
					"$(inherited)",
				);
				GCC_WARN_64_TO_32_BIT_CONVERSION = YES;
				GCC_WARN_ABOUT_RETURN_TYPE = YES_ERROR;
				GCC_WARN_UNDECLARED_SELECTOR = YES;
				GCC_WARN_UNINITIALIZED_AUTOS = YES_AGGRESSIVE;
				GCC_WARN_UNUSED_FUNCTION = YES;
				GCC_WARN_UNUSED_VARIABLE = YES;
				GENERATE_INFOPLIST_FILE = YES;
				IPHONEOS_DEPLOYMENT_TARGET = 18.4;
				LOCALIZATION_PREFERS_STRING_CATALOGS = YES;
				MTL_ENABLE_DEBUG_INFO = INCLUDE_SOURCE;
				MTL_FAST_MATH = YES;
				ONLY_ACTIVE_ARCH = YES;
				SDKROOT = iphoneos;
				SWIFT_ACTIVE_COMPILATION_CONDITIONS = "DEBUG $(inherited)";
				SWIFT_OPTIMIZATION_LEVEL = "-Onone";
			};
			name = Debug;
		};
		75B6CB3A2DD8B2F600359A17 /* Release configuration for PBXProject "PARALLAX" */ = {
			isa = XCBuildConfiguration;
			buildSettings = {
				ALWAYS_SEARCH_USER_PATHS = NO;
				ASSETCATALOG_COMPILER_GENERATE_SWIFT_ASSET_SYMBOL_EXTENSIONS = YES;
				CLANG_ANALYZER_LOCALIZABILITY_NONLOCALIZED = YES;
				CLANG_ANALYZER_NONNULL = YES;
				CLANG_ANALYZER_NUMBER_OBJECT_CONVERSION = YES_AGGRESSIVE;
				CLANG_CXX_LANGUAGE_STANDARD = "gnu++20";
				CLANG_ENABLE_MODULES = YES;
				CLANG_ENABLE_OBJC_ARC = YES;
				CLANG_ENABLE_OBJC_WEAK = YES;
				CLANG_WARN_BLOCK_CAPTURE_AUTORELEASING = YES;
				CLANG_WARN_BOOL_CONVERSION = YES;
				CLANG_WARN_COMMA = YES;
				CLANG_WARN_CONSTANT_CONVERSION = YES;
				CLANG_WARN_DEPRECATED_OBJC_IMPLEMENTATIONS = YES;
				CLANG_WARN_DIRECT_OBJC_ISA_USAGE = YES_ERROR;
				CLANG_WARN_DOCUMENTATION_COMMENTS = YES;
				CLANG_WARN_EMPTY_BODY = YES;
				CLANG_WARN_ENUM_CONVERSION = YES;
				CLANG_WARN_INFINITE_RECURSION = YES;
				CLANG_WARN_INT_CONVERSION = YES;
				CLANG_WARN_NON_LITERAL_NULL_CONVERSION = YES;
				CLANG_WARN_OBJC_IMPLICIT_RETAIN_SELF = YES;
				CLANG_WARN_OBJC_LITERAL_CONVERSION = YES;
				CLANG_WARN_OBJC_ROOT_CLASS = YES_ERROR;
				CLANG_WARN_QUOTED_INCLUDE_IN_FRAMEWORK_HEADER = YES;
				CLANG_WARN_RANGE_LOOP_ANALYSIS = YES;
				CLANG_WARN_STRICT_PROTOTYPES = YES;
				CLANG_WARN_SUSPICIOUS_MOVE = YES;
				CLANG_WARN_UNGUARDED_AVAILABILITY = YES_AGGRESSIVE;
				CLANG_WARN_UNREACHABLE_CODE = YES;
				CLANG_WARN__DUPLICATE_METHOD_MATCH = YES;
				COPY_PHASE_STRIP = NO;
				DEBUG_INFORMATION_FORMAT = "dwarf-with-dsym";
				DEVELOPMENT_TEAM = Q64RY7QU9S;
				ENABLE_NS_ASSERTIONS = NO;
				ENABLE_STRICT_OBJC_MSGSEND = YES;
				ENABLE_USER_SCRIPT_SANDBOXING = YES;
				GCC_C_LANGUAGE_STANDARD = gnu17;
				GCC_NO_COMMON_BLOCKS = YES;
				GCC_WARN_64_TO_32_BIT_CONVERSION = YES;
				GCC_WARN_ABOUT_RETURN_TYPE = YES_ERROR;
				GCC_WARN_UNDECLARED_SELECTOR = YES;
				GCC_WARN_UNINITIALIZED_AUTOS = YES_AGGRESSIVE;
				GCC_WARN_UNUSED_FUNCTION = YES;
				GCC_WARN_UNUSED_VARIABLE = YES;
				GENERATE_INFOPLIST_FILE = YES;
				IPHONEOS_DEPLOYMENT_TARGET = 18.4;
				LOCALIZATION_PREFERS_STRING_CATALOGS = YES;
				MTL_ENABLE_DEBUG_INFO = NO;
				MTL_FAST_MATH = YES;
				SDKROOT = iphoneos;
				SWIFT_COMPILATION_MODE = wholemodule;
				VALIDATE_PRODUCT = YES;
			};
			name = Release;
		};
		75B6CB3C2DD8B2F600359A17 /* Debug configuration for PBXNativeTarget "PARALLAX" */ = {
			isa = XCBuildConfiguration;
			buildSettings = {
				ASSETCATALOG_COMPILER_ALTERNATE_APPICON_NAMES = "\"ASSETCATALOG_COMPILER_INCLUDE_ALL_APPICON_ASSETS = YES\"";
				ASSETCATALOG_COMPILER_APPICON_NAME = AppIcon;
				ASSETCATALOG_COMPILER_GLOBAL_ACCENT_COLOR_NAME = AccentColor;
				ASSETCATALOG_COMPILER_INCLUDE_ALL_APPICON_ASSETS = YES;
				CODE_SIGN_ENTITLEMENTS = PARALLAX/PARALLAX.entitlements;
				CODE_SIGN_IDENTITY = "Apple Development";
				CODE_SIGN_STYLE = Automatic;
				CURRENT_PROJECT_VERSION = 1;
				DEVELOPMENT_TEAM = S94PF99FLH;
				ENABLE_PREVIEWS = YES;
				GENERATE_INFOPLIST_FILE = YES;
				INFOPLIST_KEY_CFBundleDisplayName = Gradefy;
				INFOPLIST_KEY_LSApplicationCategoryType = "public.app-category.education";
				INFOPLIST_KEY_UIApplicationSceneManifest_Generation = YES;
				INFOPLIST_KEY_UIApplicationSupportsIndirectInputEvents = YES;
				INFOPLIST_KEY_UILaunchScreen_Generation = YES;
				INFOPLIST_KEY_UISupportedInterfaceOrientations = UIInterfaceOrientationPortrait;
				INFOPLIST_KEY_UISupportedInterfaceOrientations_iPad = "UIInterfaceOrientationLandscapeLeft UIInterfaceOrientationLandscapeRight UIInterfaceOrientationPortrait UIInterfaceOrientationPortraitUpsideDown";
				IPHONEOS_DEPLOYMENT_TARGET = 17.6;
				LD_RUNPATH_SEARCH_PATHS = (
					"$(inherited)",
					"@executable_path/Frameworks",
				);
				MARKETING_VERSION = 2.0;
				PRODUCT_BUNDLE_IDENTIFIER = Coefficient.PARALLAX2;
				PRODUCT_NAME = "$(TARGET_NAME)";
				PROVISIONING_PROFILE_SPECIFIER = "";
				SUPPORTED_PLATFORMS = "iphoneos iphonesimulator";
				SUPPORTS_MACCATALYST = NO;
				SUPPORTS_MAC_DESIGNED_FOR_IPHONE_IPAD = NO;
				SUPPORTS_XR_DESIGNED_FOR_IPHONE_IPAD = NO;
				SWIFT_EMIT_LOC_STRINGS = YES;
				SWIFT_VERSION = 5.0;
				TARGETED_DEVICE_FAMILY = 1;
			};
			name = Debug;
		};
		75B6CB3D2DD8B2F600359A17 /* Release configuration for PBXNativeTarget "PARALLAX" */ = {
			isa = XCBuildConfiguration;
			buildSettings = {
				ASSETCATALOG_COMPILER_ALTERNATE_APPICON_NAMES = "\"ASSETCATALOG_COMPILER_INCLUDE_ALL_APPICON_ASSETS = YES\"";
				ASSETCATALOG_COMPILER_APPICON_NAME = AppIcon;
				ASSETCATALOG_COMPILER_GLOBAL_ACCENT_COLOR_NAME = AccentColor;
				ASSETCATALOG_COMPILER_INCLUDE_ALL_APPICON_ASSETS = YES;
				CODE_SIGN_ENTITLEMENTS = PARALLAX/PARALLAX.entitlements;
				CODE_SIGN_IDENTITY = "Apple Development";
				CODE_SIGN_STYLE = Automatic;
				CURRENT_PROJECT_VERSION = 1;
				DEVELOPMENT_TEAM = S94PF99FLH;
				ENABLE_PREVIEWS = YES;
				GENERATE_INFOPLIST_FILE = YES;
				INFOPLIST_KEY_CFBundleDisplayName = Gradefy;
				INFOPLIST_KEY_LSApplicationCategoryType = "public.app-category.education";
				INFOPLIST_KEY_UIApplicationSceneManifest_Generation = YES;
				INFOPLIST_KEY_UIApplicationSupportsIndirectInputEvents = YES;
				INFOPLIST_KEY_UILaunchScreen_Generation = YES;
				INFOPLIST_KEY_UISupportedInterfaceOrientations = UIInterfaceOrientationPortrait;
				INFOPLIST_KEY_UISupportedInterfaceOrientations_iPad = "UIInterfaceOrientationLandscapeLeft UIInterfaceOrientationLandscapeRight UIInterfaceOrientationPortrait UIInterfaceOrientationPortraitUpsideDown";
				IPHONEOS_DEPLOYMENT_TARGET = 17.6;
				LD_RUNPATH_SEARCH_PATHS = (
					"$(inherited)",
					"@executable_path/Frameworks",
				);
				MARKETING_VERSION = 2.0;
				PRODUCT_BUNDLE_IDENTIFIER = Coefficient.PARALLAX2;
				PRODUCT_NAME = "$(TARGET_NAME)";
				PROVISIONING_PROFILE_SPECIFIER = "";
				SUPPORTED_PLATFORMS = "iphoneos iphonesimulator";
				SUPPORTS_MACCATALYST = NO;
				SUPPORTS_MAC_DESIGNED_FOR_IPHONE_IPAD = NO;
				SUPPORTS_XR_DESIGNED_FOR_IPHONE_IPAD = NO;
				SWIFT_EMIT_LOC_STRINGS = YES;
				SWIFT_VERSION = 5.0;
				TARGETED_DEVICE_FAMILY = 1;
			};
			name = Release;
		};
		75D7778C2DE1C76500EB29BC /* Debug configuration for PBXNativeTarget "RevisionLiveActivityExtension" */ = {
			isa = XCBuildConfiguration;
			buildSettings = {
				ASSETCATALOG_COMPILER_GLOBAL_ACCENT_COLOR_NAME = AccentColor;
				ASSETCATALOG_COMPILER_WIDGET_BACKGROUND_COLOR_NAME = WidgetBackground;
				CODE_SIGN_IDENTITY = "Apple Development";
				CODE_SIGN_STYLE = Automatic;
				CURRENT_PROJECT_VERSION = 1;
				DEVELOPMENT_TEAM = S94PF99FLH;
				GENERATE_INFOPLIST_FILE = YES;
				INFOPLIST_KEY_CFBundleDisplayName = RevisionLiveActivity;
				INFOPLIST_KEY_NSHumanReadableCopyright = "";
				IPHONEOS_DEPLOYMENT_TARGET = 17.6;
				LD_RUNPATH_SEARCH_PATHS = (
					"$(inherited)",
					"@executable_path/Frameworks",
					"@executable_path/../../Frameworks",
				);
				MARKETING_VERSION = 1.0;
				PRODUCT_BUNDLE_IDENTIFIER = Coefficient.PARALLAX2.RevisionLiveActivity;
				PRODUCT_NAME = "$(TARGET_NAME)";
				PROVISIONING_PROFILE_SPECIFIER = "";
				SKIP_INSTALL = YES;
				SUPPORTED_PLATFORMS = "iphoneos iphonesimulator";
				SUPPORTS_MACCATALYST = NO;
				SUPPORTS_MAC_DESIGNED_FOR_IPHONE_IPAD = NO;
				SUPPORTS_XR_DESIGNED_FOR_IPHONE_IPAD = NO;
				SWIFT_EMIT_LOC_STRINGS = YES;
				SWIFT_VERSION = 5.0;
				TARGETED_DEVICE_FAMILY = 1;
			};
			name = Debug;
		};
		75D7778D2DE1C76500EB29BC /* Release configuration for PBXNativeTarget "RevisionLiveActivityExtension" */ = {
			isa = XCBuildConfiguration;
			buildSettings = {
				ASSETCATALOG_COMPILER_GLOBAL_ACCENT_COLOR_NAME = AccentColor;
				ASSETCATALOG_COMPILER_WIDGET_BACKGROUND_COLOR_NAME = WidgetBackground;
				CODE_SIGN_IDENTITY = "Apple Development";
				CODE_SIGN_STYLE = Automatic;
				CURRENT_PROJECT_VERSION = 1;
				DEVELOPMENT_TEAM = S94PF99FLH;
				GENERATE_INFOPLIST_FILE = YES;
				INFOPLIST_KEY_CFBundleDisplayName = RevisionLiveActivity;
				INFOPLIST_KEY_NSHumanReadableCopyright = "";
				IPHONEOS_DEPLOYMENT_TARGET = 17.6;
				LD_RUNPATH_SEARCH_PATHS = (
					"$(inherited)",
					"@executable_path/Frameworks",
					"@executable_path/../../Frameworks",
				);
				MARKETING_VERSION = 1.0;
				PRODUCT_BUNDLE_IDENTIFIER = Coefficient.PARALLAX2.RevisionLiveActivity;
				PRODUCT_NAME = "$(TARGET_NAME)";
				PROVISIONING_PROFILE_SPECIFIER = "";
				SKIP_INSTALL = YES;
				SUPPORTED_PLATFORMS = "iphoneos iphonesimulator";
				SUPPORTS_MACCATALYST = NO;
				SUPPORTS_MAC_DESIGNED_FOR_IPHONE_IPAD = NO;
				SUPPORTS_XR_DESIGNED_FOR_IPHONE_IPAD = NO;
				SWIFT_EMIT_LOC_STRINGS = YES;
				SWIFT_VERSION = 5.0;
				TARGETED_DEVICE_FAMILY = 1;
			};
			name = Release;
		};
/* End XCBuildConfiguration section */

/* Begin XCConfigurationList section */
		751899E72E1335350066AFF2 /* Build configuration list for PBXNativeTarget "PARALLAXTests" */ = {
			isa = XCConfigurationList;
			buildConfigurations = (
				751899E82E1335350066AFF2 /* Debug configuration for PBXNativeTarget "PARALLAXTests" */,
				751899E92E1335350066AFF2 /* Release configuration for PBXNativeTarget "PARALLAXTests" */,
			);
			defaultConfigurationName = Release;
		};
		75B6CB262DD8B2F500359A17 /* Build configuration list for PBXProject "PARALLAX" */ = {
			isa = XCConfigurationList;
			buildConfigurations = (
				75B6CB392DD8B2F600359A17 /* Debug configuration for PBXProject "PARALLAX" */,
				75B6CB3A2DD8B2F600359A17 /* Release configuration for PBXProject "PARALLAX" */,
			);
			defaultConfigurationName = Release;
		};
		75B6CB3B2DD8B2F600359A17 /* Build configuration list for PBXNativeTarget "PARALLAX" */ = {
			isa = XCConfigurationList;
			buildConfigurations = (
				75B6CB3C2DD8B2F600359A17 /* Debug configuration for PBXNativeTarget "PARALLAX" */,
				75B6CB3D2DD8B2F600359A17 /* Release configuration for PBXNativeTarget "PARALLAX" */,
			);
			defaultConfigurationName = Release;
		};
		75D7778B2DE1C76500EB29BC /* Build configuration list for PBXNativeTarget "RevisionLiveActivityExtension" */ = {
			isa = XCConfigurationList;
			buildConfigurations = (
				75D7778C2DE1C76500EB29BC /* Debug configuration for PBXNativeTarget "RevisionLiveActivityExtension" */,
				75D7778D2DE1C76500EB29BC /* Release configuration for PBXNativeTarget "RevisionLiveActivityExtension" */,
			);
			defaultConfigurationName = Release;
		};
/* End XCConfigurationList section */

/* Begin XCRemoteSwiftPackageReference section */
		75994D372E60699B00FE86A3 /* XCRemoteSwiftPackageReference "mlx-swift-examples" */ = {
			isa = XCRemoteSwiftPackageReference;
			repositoryURL = "https://github.com/ml-explore/mlx-swift-examples";
			requirement = {
				branch = main;
				kind = branch;
			};
		};
		75BE94FD2E5F978E00ED108D /* XCRemoteSwiftPackageReference "ZIPFoundation" */ = {
			isa = XCRemoteSwiftPackageReference;
			repositoryURL = "https://github.com/weichsel/ZIPFoundation.git";
			requirement = {
				kind = upToNextMajorVersion;
				minimumVersion = 0.9.19;
			};
		};
		75BE95112E5F9C9700ED108D /* XCRemoteSwiftPackageReference "mlx-swift" */ = {
			isa = XCRemoteSwiftPackageReference;
			repositoryURL = "https://github.com/ml-explore/mlx-swift.git";
			requirement = {
				branch = main;
				kind = branch;
			};
		};
		75C2E1882E1545A900BBFCB3 /* XCRemoteSwiftPackageReference "lottie-spm" */ = {
			isa = XCRemoteSwiftPackageReference;
			repositoryURL = "https://github.com/airbnb/lottie-spm.git";
			requirement = {
				kind = upToNextMajorVersion;
				minimumVersion = 4.5.2;
			};
		};
/* End XCRemoteSwiftPackageReference section */

/* Begin XCSwiftPackageProductDependency section */
		75994D382E60699B00FE86A3 /* MLXEmbedders */ = {
			isa = XCSwiftPackageProductDependency;
			package = 75994D372E60699B00FE86A3 /* XCRemoteSwiftPackageReference "mlx-swift-examples" */;
			productName = MLXEmbedders;
		};
		75994D3A2E60699B00FE86A3 /* MLXLLM */ = {
			isa = XCSwiftPackageProductDependency;
			package = 75994D372E60699B00FE86A3 /* XCRemoteSwiftPackageReference "mlx-swift-examples" */;
			productName = MLXLLM;
		};
		75994D3C2E60699B00FE86A3 /* MLXLMCommon */ = {
			isa = XCSwiftPackageProductDependency;
			package = 75994D372E60699B00FE86A3 /* XCRemoteSwiftPackageReference "mlx-swift-examples" */;
			productName = MLXLMCommon;
		};
		75994D3E2E60699B00FE86A3 /* MLXMNIST */ = {
			isa = XCSwiftPackageProductDependency;
			package = 75994D372E60699B00FE86A3 /* XCRemoteSwiftPackageReference "mlx-swift-examples" */;
			productName = MLXMNIST;
		};
		75994D402E60699B00FE86A3 /* MLXVLM */ = {
			isa = XCSwiftPackageProductDependency;
			package = 75994D372E60699B00FE86A3 /* XCRemoteSwiftPackageReference "mlx-swift-examples" */;
			productName = MLXVLM;
		};
		75994D422E60699B00FE86A3 /* StableDiffusion */ = {
			isa = XCSwiftPackageProductDependency;
			package = 75994D372E60699B00FE86A3 /* XCRemoteSwiftPackageReference "mlx-swift-examples" */;
			productName = StableDiffusion;
		};
		75994D442E6069B700FE86A3 /* MLXFast */ = {
			isa = XCSwiftPackageProductDependency;
			package = 75BE95112E5F9C9700ED108D /* XCRemoteSwiftPackageReference "mlx-swift" */;
			productName = MLXFast;
		};
		75994D462E6069B700FE86A3 /* MLXLinalg */ = {
			isa = XCSwiftPackageProductDependency;
			package = 75BE95112E5F9C9700ED108D /* XCRemoteSwiftPackageReference "mlx-swift" */;
			productName = MLXLinalg;
		};
		75BE94FE2E5F978E00ED108D /* ZIPFoundation */ = {
			isa = XCSwiftPackageProductDependency;
			package = 75BE94FD2E5F978E00ED108D /* XCRemoteSwiftPackageReference "ZIPFoundation" */;
			productName = ZIPFoundation;
		};
		75BE95122E5F9C9700ED108D /* MLX */ = {
			isa = XCSwiftPackageProductDependency;
			package = 75BE95112E5F9C9700ED108D /* XCRemoteSwiftPackageReference "mlx-swift" */;
			productName = MLX;
		};
		75BE95142E5F9C9700ED108D /* MLXFFT */ = {
			isa = XCSwiftPackageProductDependency;
			package = 75BE95112E5F9C9700ED108D /* XCRemoteSwiftPackageReference "mlx-swift" */;
			productName = MLXFFT;
		};
		75BE95162E5F9C9700ED108D /* MLXNN */ = {
			isa = XCSwiftPackageProductDependency;
			package = 75BE95112E5F9C9700ED108D /* XCRemoteSwiftPackageReference "mlx-swift" */;
			productName = MLXNN;
		};
		75BE95182E5F9C9700ED108D /* MLXOptimizers */ = {
			isa = XCSwiftPackageProductDependency;
			package = 75BE95112E5F9C9700ED108D /* XCRemoteSwiftPackageReference "mlx-swift" */;
			productName = MLXOptimizers;
		};
		75BE951A2E5F9C9700ED108D /* MLXRandom */ = {
			isa = XCSwiftPackageProductDependency;
			package = 75BE95112E5F9C9700ED108D /* XCRemoteSwiftPackageReference "mlx-swift" */;
			productName = MLXRandom;
		};
		75C2E1892E1545A900BBFCB3 /* Lottie */ = {
			isa = XCSwiftPackageProductDependency;
			package = 75C2E1882E1545A900BBFCB3 /* XCRemoteSwiftPackageReference "lottie-spm" */;
			productName = Lottie;
		};
/* End XCSwiftPackageProductDependency section */
	};
	rootObject = 75B6CB232DD8B2F500359A17 /* Project object */;
}
